// !$*UTF8*$!
{
	archiveVersion = 1;
	classes = {
	};
	objectVersion = 51;
	objects = {

/* Begin PBXBuildFile section */
		27D218888CFC318BB9503C9B /* Pods_Calendex.framework in Frameworks */ = {isa = PBXBuildFile; fileRef = CDDEBA939D25838050EAB0DF /* Pods_Calendex.framework */; };
		CD08F17B26096B2400FD3235 /* Stats.swift in Sources */ = {isa = PBXBuildFile; fileRef = CD08F17A26096B2400FD3235 /* Stats.swift */; };
		CD08F1802609A03500FD3235 /* DataRangeRequest.swift in Sources */ = {isa = PBXBuildFile; fileRef = CD08F17F2609A03500FD3235 /* DataRangeRequest.swift */; };
		CD08F1852609A3C800FD3235 /* DataRange.swift in Sources */ = {isa = PBXBuildFile; fileRef = CD08F1842609A3C800FD3235 /* DataRange.swift */; };
		CD08F192260AA80B00FD3235 /* EgvRequest.swift in Sources */ = {isa = PBXBuildFile; fileRef = CD08F191260AA80B00FD3235 /* EgvRequest.swift */; };
		CD08F197260AA89D00FD3235 /* Egvs.swift in Sources */ = {isa = PBXBuildFile; fileRef = CD08F196260AA89D00FD3235 /* Egvs.swift */; };
		CD08F1A5260BD56E00FD3235 /* DateEgvRequest.swift in Sources */ = {isa = PBXBuildFile; fileRef = CD08F1A4260BD56E00FD3235 /* DateEgvRequest.swift */; };
		CD08F1AA260D9EAC00FD3235 /* Loading.swift in Sources */ = {isa = PBXBuildFile; fileRef = CD08F1A9260D9EAC00FD3235 /* Loading.swift */; };
		CD3AA7D2259830730087ACF1 /* CalendexApp.swift in Sources */ = {isa = PBXBuildFile; fileRef = CD3AA7D1259830730087ACF1 /* CalendexApp.swift */; };
		CD3AA7D6259830750087ACF1 /* Assets.xcassets in Resources */ = {isa = PBXBuildFile; fileRef = CD3AA7D5259830750087ACF1 /* Assets.xcassets */; };
		CD3AA7D9259830750087ACF1 /* Preview Assets.xcassets in Resources */ = {isa = PBXBuildFile; fileRef = CD3AA7D8259830750087ACF1 /* Preview Assets.xcassets */; };
		CD3AA7E4259830750087ACF1 /* CalendexTests.swift in Sources */ = {isa = PBXBuildFile; fileRef = CD3AA7E3259830750087ACF1 /* CalendexTests.swift */; };
		CD3AA7EF259830750087ACF1 /* CalendexUITests.swift in Sources */ = {isa = PBXBuildFile; fileRef = CD3AA7EE259830750087ACF1 /* CalendexUITests.swift */; };
		CD63025925B4A1ED003A6AA2 /* OverheadBanner.swift in Sources */ = {isa = PBXBuildFile; fileRef = CD63025825B4A1ED003A6AA2 /* OverheadBanner.swift */; };
		CD63025E25B4A253003A6AA2 /* AppColors.swift in Sources */ = {isa = PBXBuildFile; fileRef = CD63025D25B4A253003A6AA2 /* AppColors.swift */; };
		CD63026625B51E20003A6AA2 /* Year.swift in Sources */ = {isa = PBXBuildFile; fileRef = CD63026525B51E20003A6AA2 /* Year.swift */; };
		CD63026E25B5FBD8003A6AA2 /* ScreenTitle.swift in Sources */ = {isa = PBXBuildFile; fileRef = CD63026D25B5FBD8003A6AA2 /* ScreenTitle.swift */; };
		CD63027325B60A5A003A6AA2 /* MonthButton.swift in Sources */ = {isa = PBXBuildFile; fileRef = CD63027225B60A5A003A6AA2 /* MonthButton.swift */; };
		CD63027825B6116A003A6AA2 /* DataButton.swift in Sources */ = {isa = PBXBuildFile; fileRef = CD63027725B6116A003A6AA2 /* DataButton.swift */; };
		CD63027D25B61345003A6AA2 /* SubBanner.swift in Sources */ = {isa = PBXBuildFile; fileRef = CD63027C25B61345003A6AA2 /* SubBanner.swift */; };
		CD63028725B6D4A6003A6AA2 /* TimeBar.swift in Sources */ = {isa = PBXBuildFile; fileRef = CD63028625B6D4A6003A6AA2 /* TimeBar.swift */; };
		CD63029625B6D895003A6AA2 /* BgTime.swift in Sources */ = {isa = PBXBuildFile; fileRef = CD63029525B6D895003A6AA2 /* BgTime.swift */; };
		CD63029B25B6D950003A6AA2 /* Range.swift in Sources */ = {isa = PBXBuildFile; fileRef = CD63029A25B6D950003A6AA2 /* Range.swift */; };
		CD6302A025BDA736003A6AA2 /* DistributionGraph.swift in Sources */ = {isa = PBXBuildFile; fileRef = CD63029F25BDA736003A6AA2 /* DistributionGraph.swift */; };
		CD6302A525BDB3B4003A6AA2 /* DistributionBar.swift in Sources */ = {isa = PBXBuildFile; fileRef = CD6302A425BDB3B4003A6AA2 /* DistributionBar.swift */; };
		CD6302AA25BE621F003A6AA2 /* DistributionRangeMarker.swift in Sources */ = {isa = PBXBuildFile; fileRef = CD6302A925BE621E003A6AA2 /* DistributionRangeMarker.swift */; };
		CD6302AF25BE6487003A6AA2 /* DistributionRange.swift in Sources */ = {isa = PBXBuildFile; fileRef = CD6302AE25BE6487003A6AA2 /* DistributionRange.swift */; };
		CD6302B425BE6F41003A6AA2 /* MonthButtons.swift in Sources */ = {isa = PBXBuildFile; fileRef = CD6302B325BE6F41003A6AA2 /* MonthButtons.swift */; };
		CD6302C425C00571003A6AA2 /* Month.swift in Sources */ = {isa = PBXBuildFile; fileRef = CD6302C325C00571003A6AA2 /* Month.swift */; };
		CD6302C925C00604003A6AA2 /* DowBanner.swift in Sources */ = {isa = PBXBuildFile; fileRef = CD6302C825C00604003A6AA2 /* DowBanner.swift */; };
		CD6CCAC425CFCE4A00B256AA /* SliderRuler.swift in Sources */ = {isa = PBXBuildFile; fileRef = CD6CCAC325CFCE4A00B256AA /* SliderRuler.swift */; };
		CD6CCAC925D0BD9B00B256AA /* Spacing.swift in Sources */ = {isa = PBXBuildFile; fileRef = CD6CCAC825D0BD9B00B256AA /* Spacing.swift */; };
		CD6CCACE25D0C01000B256AA /* ScreenHeader.swift in Sources */ = {isa = PBXBuildFile; fileRef = CD6CCACD25D0C01000B256AA /* ScreenHeader.swift */; };
		CD6CCAD625D0C0F000B256AA /* TimeInRange.swift in Sources */ = {isa = PBXBuildFile; fileRef = CD6CCAD525D0C0F000B256AA /* TimeInRange.swift */; };
		CD6CCADB25D0C25700B256AA /* Distribution.swift in Sources */ = {isa = PBXBuildFile; fileRef = CD6CCADA25D0C25700B256AA /* Distribution.swift */; };
		CD6CCAE025D0C35200B256AA /* DataButtons.swift in Sources */ = {isa = PBXBuildFile; fileRef = CD6CCADF25D0C35200B256AA /* DataButtons.swift */; };
		CD6CCAEB25D0D11B00B256AA /* MonthSummary.swift in Sources */ = {isa = PBXBuildFile; fileRef = CD6CCAEA25D0D11B00B256AA /* MonthSummary.swift */; };
		CD6CCAFE25D105EB00B256AA /* DaySummary.swift in Sources */ = {isa = PBXBuildFile; fileRef = CD6CCAFD25D105EB00B256AA /* DaySummary.swift */; };
		CD6CCB0625D10E3B00B256AA /* DayQuickData.swift in Sources */ = {isa = PBXBuildFile; fileRef = CD6CCB0525D10E3B00B256AA /* DayQuickData.swift */; };
		CD6CCB1125D1481300B256AA /* Dimensions.swift in Sources */ = {isa = PBXBuildFile; fileRef = CD6CCB1025D1481300B256AA /* Dimensions.swift */; };
		CD6CCB1625D4CCC200B256AA /* SliderThumb.swift in Sources */ = {isa = PBXBuildFile; fileRef = CD6CCB1525D4CCC200B256AA /* SliderThumb.swift */; };
		CD6CCB2D25D531EF00B256AA /* GoalSlider.swift in Sources */ = {isa = PBXBuildFile; fileRef = CD6CCB2C25D531EF00B256AA /* GoalSlider.swift */; };
		CD6CCB3625D53CAA00B256AA /* Goals.swift in Sources */ = {isa = PBXBuildFile; fileRef = CD6CCB3525D53CAA00B256AA /* Goals.swift */; };
		CD6CCB6925DC593000B256AA /* Metric.swift in Sources */ = {isa = PBXBuildFile; fileRef = CD6CCB6825DC593000B256AA /* Metric.swift */; };
		CD6CCB7125DC5B9300B256AA /* Average.swift in Sources */ = {isa = PBXBuildFile; fileRef = CD6CCB7025DC5B9300B256AA /* Average.swift */; };
		CD6CCB7925DC763800B256AA /* Time.swift in Sources */ = {isa = PBXBuildFile; fileRef = CD6CCB7825DC763800B256AA /* Time.swift */; };
		CD6CCB7E25DC765000B256AA /* Deviation.swift in Sources */ = {isa = PBXBuildFile; fileRef = CD6CCB7D25DC765000B256AA /* Deviation.swift */; };
		CD6CCB9325DCAC4400B256AA /* AverageSlider.swift in Sources */ = {isa = PBXBuildFile; fileRef = CD6CCB9225DCAC4400B256AA /* AverageSlider.swift */; };
		CD6CCB9825DEA59C00B256AA /* TimeSlider.swift in Sources */ = {isa = PBXBuildFile; fileRef = CD6CCB9725DEA59C00B256AA /* TimeSlider.swift */; };
		CD6CCB9D25DEA7D000B256AA /* DeviationSlider.swift in Sources */ = {isa = PBXBuildFile; fileRef = CD6CCB9C25DEA7D000B256AA /* DeviationSlider.swift */; };
		CD6CCBA325DEC9DD00B256AA /* DataBar.swift in Sources */ = {isa = PBXBuildFile; fileRef = CD6CCBA225DEC9DD00B256AA /* DataBar.swift */; };
		CD6CCBAB25DECB6600B256AA /* DataRecord.swift in Sources */ = {isa = PBXBuildFile; fileRef = CD6CCBAA25DECB6600B256AA /* DataRecord.swift */; };
		CD6CCBB725DED1F000B256AA /* ColorPicker.swift in Sources */ = {isa = PBXBuildFile; fileRef = CD6CCBB625DED1F000B256AA /* ColorPicker.swift */; };
		CD6CCBBC25DEE6A100B256AA /* PickerBoxTriangle.swift in Sources */ = {isa = PBXBuildFile; fileRef = CD6CCBBB25DEE6A100B256AA /* PickerBoxTriangle.swift */; };
		CD6CCBC125DF263D00B256AA /* ColorPickerMenu.swift in Sources */ = {isa = PBXBuildFile; fileRef = CD6CCBC025DF263D00B256AA /* ColorPickerMenu.swift */; };
		CD6CCBC625DF73AC00B256AA /* Colors.swift in Sources */ = {isa = PBXBuildFile; fileRef = CD6CCBC525DF73AC00B256AA /* Colors.swift */; };
		CD6CCBD125E08F0E00B256AA /* SettingsButton.swift in Sources */ = {isa = PBXBuildFile; fileRef = CD6CCBD025E08F0E00B256AA /* SettingsButton.swift */; };
		CD6CCBD625E16AC700B256AA /* SettingsButtonSelected.swift in Sources */ = {isa = PBXBuildFile; fileRef = CD6CCBD525E16AC700B256AA /* SettingsButtonSelected.swift */; };
		CD6CCBDE25EA25A500B256AA /* AnimatableCustomFontModifier.swift in Sources */ = {isa = PBXBuildFile; fileRef = CD6CCBDD25EA25A500B256AA /* AnimatableCustomFontModifier.swift */; };
		CD6CCBE425EB40B600B256AA /* BloodSugar.xcdatamodeld in Sources */ = {isa = PBXBuildFile; fileRef = CD6CCBE225EB40B500B256AA /* BloodSugar.xcdatamodeld */; };
		CD6CCBE925EB760F00B256AA /* PersistenceController.swift in Sources */ = {isa = PBXBuildFile; fileRef = CD6CCBE825EB760F00B256AA /* PersistenceController.swift */; };
		CD6CCBFB25EB8B8800B256AA /* Measures_Entity+CoreDataClass.swift in Sources */ = {isa = PBXBuildFile; fileRef = CD6CCBED25EB8B8800B256AA /* Measures_Entity+CoreDataClass.swift */; };
		CD6CCBFC25EB8B8800B256AA /* Measures_Entity+CoreDataProperties.swift in Sources */ = {isa = PBXBuildFile; fileRef = CD6CCBEE25EB8B8800B256AA /* Measures_Entity+CoreDataProperties.swift */; };
		CD6CCBFD25EB8B8800B256AA /* Distribution_Entity+CoreDataClass.swift in Sources */ = {isa = PBXBuildFile; fileRef = CD6CCBEF25EB8B8800B256AA /* Distribution_Entity+CoreDataClass.swift */; };
		CD6CCBFE25EB8B8800B256AA /* Distribution_Entity+CoreDataProperties.swift in Sources */ = {isa = PBXBuildFile; fileRef = CD6CCBF025EB8B8800B256AA /* Distribution_Entity+CoreDataProperties.swift */; };
		CD6CCC0325EB8B8800B256AA /* Bg_Info_Entity+CoreDataClass.swift in Sources */ = {isa = PBXBuildFile; fileRef = CD6CCBF525EB8B8800B256AA /* Bg_Info_Entity+CoreDataClass.swift */; };
		CD6CCC0425EB8B8800B256AA /* Bg_Info_Entity+CoreDataProperties.swift in Sources */ = {isa = PBXBuildFile; fileRef = CD6CCBF625EB8B8800B256AA /* Bg_Info_Entity+CoreDataProperties.swift */; };
		CD6CCC0725EB8B8800B256AA /* DistributionRange_Entity+CoreDataClass.swift in Sources */ = {isa = PBXBuildFile; fileRef = CD6CCBF925EB8B8800B256AA /* DistributionRange_Entity+CoreDataClass.swift */; };
		CD6CCC0825EB8B8800B256AA /* DistributionRange_Entity+CoreDataProperties.swift in Sources */ = {isa = PBXBuildFile; fileRef = CD6CCBFA25EB8B8800B256AA /* DistributionRange_Entity+CoreDataProperties.swift */; };
		CD6CCC4C25EDF9A700B256AA /* Date_Info_Entity+CoreDataClass.swift in Sources */ = {isa = PBXBuildFile; fileRef = CD6CCC4A25EDF9A600B256AA /* Date_Info_Entity+CoreDataClass.swift */; };
		CD6CCC4D25EDF9A700B256AA /* Date_Info_Entity+CoreDataProperties.swift in Sources */ = {isa = PBXBuildFile; fileRef = CD6CCC4B25EDF9A700B256AA /* Date_Info_Entity+CoreDataProperties.swift */; };
		CD6CCC5B25EF43E300B256AA /* Fetches.swift in Sources */ = {isa = PBXBuildFile; fileRef = CD6CCC5A25EF43E200B256AA /* Fetches.swift */; };
		CD6CCC6025F462AC00B256AA /* Login.swift in Sources */ = {isa = PBXBuildFile; fileRef = CD6CCC5F25F462AC00B256AA /* Login.swift */; };
		CD6CCC6825F4BD4800B256AA /* LoginViewModel.swift in Sources */ = {isa = PBXBuildFile; fileRef = CD6CCC6725F4BD4800B256AA /* LoginViewModel.swift */; };
		CD9D303C2611B66300F948F1 /* Token_Entity+CoreDataClass.swift in Sources */ = {isa = PBXBuildFile; fileRef = CD9D303B2611B66300F948F1 /* Token_Entity+CoreDataClass.swift */; };
		CD9D30442611BD4E00F948F1 /* Token_Entity+CoreDataProperties.swift in Sources */ = {isa = PBXBuildFile; fileRef = CD9D30432611BD4E00F948F1 /* Token_Entity+CoreDataProperties.swift */; };
		CD9D30522612F32600F948F1 /* BSSetup.swift in Sources */ = {isa = PBXBuildFile; fileRef = CD9D30512612F32600F948F1 /* BSSetup.swift */; };
		CD9D3063261457B500F948F1 /* RangeField.swift in Sources */ = {isa = PBXBuildFile; fileRef = CD9D3062261457B500F948F1 /* RangeField.swift */; };
		CD9D306B2614677900F948F1 /* RangeFields.swift in Sources */ = {isa = PBXBuildFile; fileRef = CD9D306A2614677900F948F1 /* RangeFields.swift */; };
		CD9D30792619B3BF00F948F1 /* DayChartViewModel.swift in Sources */ = {isa = PBXBuildFile; fileRef = CD9D30782619B3BF00F948F1 /* DayChartViewModel.swift */; };
		CD9D30812619BDB500F948F1 /* DataRecordViewModel.swift in Sources */ = {isa = PBXBuildFile; fileRef = CD9D30802619BDB500F948F1 /* DataRecordViewModel.swift */; };
		CD9D3097261D111400F948F1 /* DateInfoViewModel.swift in Sources */ = {isa = PBXBuildFile; fileRef = CD9D3096261D111400F948F1 /* DateInfoViewModel.swift */; };
		CD9D309C261D2C9C00F948F1 /* DateButtonViewModel.swift in Sources */ = {isa = PBXBuildFile; fileRef = CD9D309B261D2C9C00F948F1 /* DateButtonViewModel.swift */; };
		CD9D30A1261D88FD00F948F1 /* YearInfo.swift in Sources */ = {isa = PBXBuildFile; fileRef = CD9D30A0261D88FD00F948F1 /* YearInfo.swift */; };
		CD9D30A9261D8F6A00F948F1 /* Meta_Entity+CoreDataClass.swift in Sources */ = {isa = PBXBuildFile; fileRef = CD9D30A8261D8F6A00F948F1 /* Meta_Entity+CoreDataClass.swift */; };
		CD9D30AE261D8FA500F948F1 /* Meta_Entity+CoreDataProperties.swift in Sources */ = {isa = PBXBuildFile; fileRef = CD9D30AD261D8FA500F948F1 /* Meta_Entity+CoreDataProperties.swift */; };
		CD9D30B3261EC95D00F948F1 /* MonthInfo.swift in Sources */ = {isa = PBXBuildFile; fileRef = CD9D30B2261EC95D00F948F1 /* MonthInfo.swift */; };
		CD9D30B8261F1DB300F948F1 /* MonthViewModel.swift in Sources */ = {isa = PBXBuildFile; fileRef = CD9D30B7261F1DB300F948F1 /* MonthViewModel.swift */; };
		CD9D30C0261F278B00F948F1 /* DayInfo.swift in Sources */ = {isa = PBXBuildFile; fileRef = CD9D30BF261F278B00F948F1 /* DayInfo.swift */; };
		CD9D30C5261F2B1700F948F1 /* DayViewModel.swift in Sources */ = {isa = PBXBuildFile; fileRef = CD9D30C4261F2B1700F948F1 /* DayViewModel.swift */; };
		CDA22B9525C04A3A004D0CF2 /* DayButton.swift in Sources */ = {isa = PBXBuildFile; fileRef = CDA22B9425C04A3A004D0CF2 /* DayButton.swift */; };
		CDA22B9A25C04A4F004D0CF2 /* DayButtonFiller.swift in Sources */ = {isa = PBXBuildFile; fileRef = CDA22B9925C04A4F004D0CF2 /* DayButtonFiller.swift */; };
		CDA22B9F25C05D4D004D0CF2 /* TopDayRow.swift in Sources */ = {isa = PBXBuildFile; fileRef = CDA22B9E25C05D4D004D0CF2 /* TopDayRow.swift */; };
		CDA22BA425C05DF7004D0CF2 /* MidDayRows.swift in Sources */ = {isa = PBXBuildFile; fileRef = CDA22BA325C05DF7004D0CF2 /* MidDayRows.swift */; };
		CDA22BA925C05E08004D0CF2 /* BottomDayRow.swift in Sources */ = {isa = PBXBuildFile; fileRef = CDA22BA825C05E08004D0CF2 /* BottomDayRow.swift */; };
		CDA22BAE25C06060004D0CF2 /* MidDayRow.swift in Sources */ = {isa = PBXBuildFile; fileRef = CDA22BAD25C06060004D0CF2 /* MidDayRow.swift */; };
		CDA22BB625C0685D004D0CF2 /* DayButtons.swift in Sources */ = {isa = PBXBuildFile; fileRef = CDA22BB525C0685D004D0CF2 /* DayButtons.swift */; };
		CDA22BBB25C0DB1C004D0CF2 /* Day.swift in Sources */ = {isa = PBXBuildFile; fileRef = CDA22BBA25C0DB1C004D0CF2 /* Day.swift */; };
		CDA22BD325C7E22A004D0CF2 /* DayChartBackground.swift in Sources */ = {isa = PBXBuildFile; fileRef = CDA22BD225C7E22A004D0CF2 /* DayChartBackground.swift */; };
		CDA22BD825C7E689004D0CF2 /* LowRangeBackground.swift in Sources */ = {isa = PBXBuildFile; fileRef = CDA22BD725C7E689004D0CF2 /* LowRangeBackground.swift */; };
		CDA22BE025C7E8CE004D0CF2 /* MidRangeBackground.swift in Sources */ = {isa = PBXBuildFile; fileRef = CDA22BDF25C7E8CE004D0CF2 /* MidRangeBackground.swift */; };
		CDA22BE825C7E9B0004D0CF2 /* HighRangeBackground.swift in Sources */ = {isa = PBXBuildFile; fileRef = CDA22BE725C7E9B0004D0CF2 /* HighRangeBackground.swift */; };
		CDA22BF025C80719004D0CF2 /* ChartPoint.swift in Sources */ = {isa = PBXBuildFile; fileRef = CDA22BEF25C80719004D0CF2 /* ChartPoint.swift */; };
		CDA22BF525C807A6004D0CF2 /* PointGraph.swift in Sources */ = {isa = PBXBuildFile; fileRef = CDA22BF425C807A6004D0CF2 /* PointGraph.swift */; };
		CDA22BFA25C80AF5004D0CF2 /* DayChart.swift in Sources */ = {isa = PBXBuildFile; fileRef = CDA22BF925C80AF5004D0CF2 /* DayChart.swift */; };
		CDA22C0D25C80E45004D0CF2 /* DayFields.swift in Sources */ = {isa = PBXBuildFile; fileRef = CDA22C0C25C80E45004D0CF2 /* DayFields.swift */; };
		CDA22C1225C80F6F004D0CF2 /* DataField.swift in Sources */ = {isa = PBXBuildFile; fileRef = CDA22C1125C80F6F004D0CF2 /* DataField.swift */; };
		CDA22C1A25CE77F6004D0CF2 /* Settings.swift in Sources */ = {isa = PBXBuildFile; fileRef = CDA22C1925CE77F6004D0CF2 /* Settings.swift */; };
		CDFE64192607C79500986423 /* AccessToken.swift in Sources */ = {isa = PBXBuildFile; fileRef = CDFE64182607C79500986423 /* AccessToken.swift */; };
		CDFE64252607D81100986423 /* SignInRequest.swift in Sources */ = {isa = PBXBuildFile; fileRef = CDFE64242607D81100986423 /* SignInRequest.swift */; };
		CDFE642D2607D82400986423 /* TokenRequest.swift in Sources */ = {isa = PBXBuildFile; fileRef = CDFE642C2607D82400986423 /* TokenRequest.swift */; };
		CDFE64322607D83600986423 /* StatsRequest.swift in Sources */ = {isa = PBXBuildFile; fileRef = CDFE64312607D83600986423 /* StatsRequest.swift */; };
/* End PBXBuildFile section */

/* Begin PBXContainerItemProxy section */
		CD3AA7E0259830750087ACF1 /* PBXContainerItemProxy */ = {
			isa = PBXContainerItemProxy;
			containerPortal = CD3AA7C6259830730087ACF1 /* Project object */;
			proxyType = 1;
			remoteGlobalIDString = CD3AA7CD259830730087ACF1;
			remoteInfo = Calendex;
		};
		CD3AA7EB259830750087ACF1 /* PBXContainerItemProxy */ = {
			isa = PBXContainerItemProxy;
			containerPortal = CD3AA7C6259830730087ACF1 /* Project object */;
			proxyType = 1;
			remoteGlobalIDString = CD3AA7CD259830730087ACF1;
			remoteInfo = Calendex;
		};
/* End PBXContainerItemProxy section */

/* Begin PBXFileReference section */
		5B6D58A3665D8A1ED6CE28A5 /* Pods-Calendex.release.xcconfig */ = {isa = PBXFileReference; includeInIndex = 1; lastKnownFileType = text.xcconfig; name = "Pods-Calendex.release.xcconfig"; path = "Target Support Files/Pods-Calendex/Pods-Calendex.release.xcconfig"; sourceTree = "<group>"; };
		CD08F17A26096B2400FD3235 /* Stats.swift */ = {isa = PBXFileReference; lastKnownFileType = sourcecode.swift; path = Stats.swift; sourceTree = "<group>"; };
		CD08F17F2609A03500FD3235 /* DataRangeRequest.swift */ = {isa = PBXFileReference; lastKnownFileType = sourcecode.swift; path = DataRangeRequest.swift; sourceTree = "<group>"; };
		CD08F1842609A3C800FD3235 /* DataRange.swift */ = {isa = PBXFileReference; lastKnownFileType = sourcecode.swift; path = DataRange.swift; sourceTree = "<group>"; };
		CD08F191260AA80B00FD3235 /* EgvRequest.swift */ = {isa = PBXFileReference; lastKnownFileType = sourcecode.swift; path = EgvRequest.swift; sourceTree = "<group>"; };
		CD08F196260AA89D00FD3235 /* Egvs.swift */ = {isa = PBXFileReference; lastKnownFileType = sourcecode.swift; path = Egvs.swift; sourceTree = "<group>"; };
		CD08F1A4260BD56E00FD3235 /* DateEgvRequest.swift */ = {isa = PBXFileReference; lastKnownFileType = sourcecode.swift; path = DateEgvRequest.swift; sourceTree = "<group>"; };
		CD08F1A9260D9EAC00FD3235 /* Loading.swift */ = {isa = PBXFileReference; lastKnownFileType = sourcecode.swift; path = Loading.swift; sourceTree = "<group>"; };
		CD3AA7CE259830730087ACF1 /* Calendex.app */ = {isa = PBXFileReference; explicitFileType = wrapper.application; includeInIndex = 0; path = Calendex.app; sourceTree = BUILT_PRODUCTS_DIR; };
		CD3AA7D1259830730087ACF1 /* CalendexApp.swift */ = {isa = PBXFileReference; lastKnownFileType = sourcecode.swift; path = CalendexApp.swift; sourceTree = "<group>"; };
		CD3AA7D5259830750087ACF1 /* Assets.xcassets */ = {isa = PBXFileReference; lastKnownFileType = folder.assetcatalog; path = Assets.xcassets; sourceTree = "<group>"; };
		CD3AA7D8259830750087ACF1 /* Preview Assets.xcassets */ = {isa = PBXFileReference; lastKnownFileType = folder.assetcatalog; path = "Preview Assets.xcassets"; sourceTree = "<group>"; };
		CD3AA7DA259830750087ACF1 /* Info.plist */ = {isa = PBXFileReference; lastKnownFileType = text.plist.xml; path = Info.plist; sourceTree = "<group>"; };
		CD3AA7DF259830750087ACF1 /* CalendexTests.xctest */ = {isa = PBXFileReference; explicitFileType = wrapper.cfbundle; includeInIndex = 0; path = CalendexTests.xctest; sourceTree = BUILT_PRODUCTS_DIR; };
		CD3AA7E3259830750087ACF1 /* CalendexTests.swift */ = {isa = PBXFileReference; lastKnownFileType = sourcecode.swift; path = CalendexTests.swift; sourceTree = "<group>"; };
		CD3AA7E5259830750087ACF1 /* Info.plist */ = {isa = PBXFileReference; lastKnownFileType = text.plist.xml; path = Info.plist; sourceTree = "<group>"; };
		CD3AA7EA259830750087ACF1 /* CalendexUITests.xctest */ = {isa = PBXFileReference; explicitFileType = wrapper.cfbundle; includeInIndex = 0; path = CalendexUITests.xctest; sourceTree = BUILT_PRODUCTS_DIR; };
		CD3AA7EE259830750087ACF1 /* CalendexUITests.swift */ = {isa = PBXFileReference; lastKnownFileType = sourcecode.swift; path = CalendexUITests.swift; sourceTree = "<group>"; };
		CD3AA7F0259830750087ACF1 /* Info.plist */ = {isa = PBXFileReference; lastKnownFileType = text.plist.xml; path = Info.plist; sourceTree = "<group>"; };
		CD63025825B4A1ED003A6AA2 /* OverheadBanner.swift */ = {isa = PBXFileReference; lastKnownFileType = sourcecode.swift; path = OverheadBanner.swift; sourceTree = "<group>"; };
		CD63025D25B4A253003A6AA2 /* AppColors.swift */ = {isa = PBXFileReference; lastKnownFileType = sourcecode.swift; path = AppColors.swift; sourceTree = "<group>"; };
		CD63026525B51E20003A6AA2 /* Year.swift */ = {isa = PBXFileReference; lastKnownFileType = sourcecode.swift; path = Year.swift; sourceTree = "<group>"; };
		CD63026D25B5FBD8003A6AA2 /* ScreenTitle.swift */ = {isa = PBXFileReference; lastKnownFileType = sourcecode.swift; path = ScreenTitle.swift; sourceTree = "<group>"; };
		CD63027225B60A5A003A6AA2 /* MonthButton.swift */ = {isa = PBXFileReference; lastKnownFileType = sourcecode.swift; path = MonthButton.swift; sourceTree = "<group>"; };
		CD63027725B6116A003A6AA2 /* DataButton.swift */ = {isa = PBXFileReference; lastKnownFileType = sourcecode.swift; path = DataButton.swift; sourceTree = "<group>"; };
		CD63027C25B61345003A6AA2 /* SubBanner.swift */ = {isa = PBXFileReference; lastKnownFileType = sourcecode.swift; path = SubBanner.swift; sourceTree = "<group>"; };
		CD63028625B6D4A6003A6AA2 /* TimeBar.swift */ = {isa = PBXFileReference; lastKnownFileType = sourcecode.swift; path = TimeBar.swift; sourceTree = "<group>"; };
		CD63029525B6D895003A6AA2 /* BgTime.swift */ = {isa = PBXFileReference; lastKnownFileType = sourcecode.swift; path = BgTime.swift; sourceTree = "<group>"; };
		CD63029A25B6D950003A6AA2 /* Range.swift */ = {isa = PBXFileReference; lastKnownFileType = sourcecode.swift; path = Range.swift; sourceTree = "<group>"; };
		CD63029F25BDA736003A6AA2 /* DistributionGraph.swift */ = {isa = PBXFileReference; lastKnownFileType = sourcecode.swift; path = DistributionGraph.swift; sourceTree = "<group>"; };
		CD6302A425BDB3B4003A6AA2 /* DistributionBar.swift */ = {isa = PBXFileReference; lastKnownFileType = sourcecode.swift; path = DistributionBar.swift; sourceTree = "<group>"; };
		CD6302A925BE621E003A6AA2 /* DistributionRangeMarker.swift */ = {isa = PBXFileReference; lastKnownFileType = sourcecode.swift; path = DistributionRangeMarker.swift; sourceTree = "<group>"; };
		CD6302AE25BE6487003A6AA2 /* DistributionRange.swift */ = {isa = PBXFileReference; lastKnownFileType = sourcecode.swift; path = DistributionRange.swift; sourceTree = "<group>"; };
		CD6302B325BE6F41003A6AA2 /* MonthButtons.swift */ = {isa = PBXFileReference; lastKnownFileType = sourcecode.swift; path = MonthButtons.swift; sourceTree = "<group>"; };
		CD6302C325C00571003A6AA2 /* Month.swift */ = {isa = PBXFileReference; lastKnownFileType = sourcecode.swift; path = Month.swift; sourceTree = "<group>"; };
		CD6302C825C00604003A6AA2 /* DowBanner.swift */ = {isa = PBXFileReference; lastKnownFileType = sourcecode.swift; path = DowBanner.swift; sourceTree = "<group>"; };
		CD6CCAC325CFCE4A00B256AA /* SliderRuler.swift */ = {isa = PBXFileReference; lastKnownFileType = sourcecode.swift; path = SliderRuler.swift; sourceTree = "<group>"; };
		CD6CCAC825D0BD9B00B256AA /* Spacing.swift */ = {isa = PBXFileReference; lastKnownFileType = sourcecode.swift; path = Spacing.swift; sourceTree = "<group>"; };
		CD6CCACD25D0C01000B256AA /* ScreenHeader.swift */ = {isa = PBXFileReference; lastKnownFileType = sourcecode.swift; path = ScreenHeader.swift; sourceTree = "<group>"; };
		CD6CCAD525D0C0F000B256AA /* TimeInRange.swift */ = {isa = PBXFileReference; lastKnownFileType = sourcecode.swift; path = TimeInRange.swift; sourceTree = "<group>"; };
		CD6CCADA25D0C25700B256AA /* Distribution.swift */ = {isa = PBXFileReference; lastKnownFileType = sourcecode.swift; path = Distribution.swift; sourceTree = "<group>"; };
		CD6CCADF25D0C35200B256AA /* DataButtons.swift */ = {isa = PBXFileReference; lastKnownFileType = sourcecode.swift; path = DataButtons.swift; sourceTree = "<group>"; };
		CD6CCAEA25D0D11B00B256AA /* MonthSummary.swift */ = {isa = PBXFileReference; lastKnownFileType = sourcecode.swift; path = MonthSummary.swift; sourceTree = "<group>"; };
		CD6CCAFD25D105EB00B256AA /* DaySummary.swift */ = {isa = PBXFileReference; lastKnownFileType = sourcecode.swift; path = DaySummary.swift; sourceTree = "<group>"; };
		CD6CCB0525D10E3B00B256AA /* DayQuickData.swift */ = {isa = PBXFileReference; lastKnownFileType = sourcecode.swift; path = DayQuickData.swift; sourceTree = "<group>"; };
		CD6CCB1025D1481300B256AA /* Dimensions.swift */ = {isa = PBXFileReference; lastKnownFileType = sourcecode.swift; path = Dimensions.swift; sourceTree = "<group>"; };
		CD6CCB1525D4CCC200B256AA /* SliderThumb.swift */ = {isa = PBXFileReference; lastKnownFileType = sourcecode.swift; path = SliderThumb.swift; sourceTree = "<group>"; };
		CD6CCB2C25D531EF00B256AA /* GoalSlider.swift */ = {isa = PBXFileReference; lastKnownFileType = sourcecode.swift; path = GoalSlider.swift; sourceTree = "<group>"; };
		CD6CCB3525D53CAA00B256AA /* Goals.swift */ = {isa = PBXFileReference; lastKnownFileType = sourcecode.swift; path = Goals.swift; sourceTree = "<group>"; };
		CD6CCB6825DC593000B256AA /* Metric.swift */ = {isa = PBXFileReference; lastKnownFileType = sourcecode.swift; path = Metric.swift; sourceTree = "<group>"; };
		CD6CCB7025DC5B9300B256AA /* Average.swift */ = {isa = PBXFileReference; lastKnownFileType = sourcecode.swift; path = Average.swift; sourceTree = "<group>"; };
		CD6CCB7825DC763800B256AA /* Time.swift */ = {isa = PBXFileReference; lastKnownFileType = sourcecode.swift; path = Time.swift; sourceTree = "<group>"; };
		CD6CCB7D25DC765000B256AA /* Deviation.swift */ = {isa = PBXFileReference; lastKnownFileType = sourcecode.swift; path = Deviation.swift; sourceTree = "<group>"; };
		CD6CCB9225DCAC4400B256AA /* AverageSlider.swift */ = {isa = PBXFileReference; lastKnownFileType = sourcecode.swift; path = AverageSlider.swift; sourceTree = "<group>"; };
		CD6CCB9725DEA59C00B256AA /* TimeSlider.swift */ = {isa = PBXFileReference; lastKnownFileType = sourcecode.swift; path = TimeSlider.swift; sourceTree = "<group>"; };
		CD6CCB9C25DEA7D000B256AA /* DeviationSlider.swift */ = {isa = PBXFileReference; lastKnownFileType = sourcecode.swift; path = DeviationSlider.swift; sourceTree = "<group>"; };
		CD6CCBA225DEC9DD00B256AA /* DataBar.swift */ = {isa = PBXFileReference; lastKnownFileType = sourcecode.swift; path = DataBar.swift; sourceTree = "<group>"; };
		CD6CCBAA25DECB6600B256AA /* DataRecord.swift */ = {isa = PBXFileReference; lastKnownFileType = sourcecode.swift; path = DataRecord.swift; sourceTree = "<group>"; };
		CD6CCBB625DED1F000B256AA /* ColorPicker.swift */ = {isa = PBXFileReference; lastKnownFileType = sourcecode.swift; path = ColorPicker.swift; sourceTree = "<group>"; };
		CD6CCBBB25DEE6A100B256AA /* PickerBoxTriangle.swift */ = {isa = PBXFileReference; lastKnownFileType = sourcecode.swift; path = PickerBoxTriangle.swift; sourceTree = "<group>"; };
		CD6CCBC025DF263D00B256AA /* ColorPickerMenu.swift */ = {isa = PBXFileReference; lastKnownFileType = sourcecode.swift; path = ColorPickerMenu.swift; sourceTree = "<group>"; };
		CD6CCBC525DF73AC00B256AA /* Colors.swift */ = {isa = PBXFileReference; lastKnownFileType = sourcecode.swift; path = Colors.swift; sourceTree = "<group>"; };
		CD6CCBD025E08F0E00B256AA /* SettingsButton.swift */ = {isa = PBXFileReference; lastKnownFileType = sourcecode.swift; path = SettingsButton.swift; sourceTree = "<group>"; };
		CD6CCBD525E16AC700B256AA /* SettingsButtonSelected.swift */ = {isa = PBXFileReference; lastKnownFileType = sourcecode.swift; path = SettingsButtonSelected.swift; sourceTree = "<group>"; };
		CD6CCBDD25EA25A500B256AA /* AnimatableCustomFontModifier.swift */ = {isa = PBXFileReference; lastKnownFileType = sourcecode.swift; path = AnimatableCustomFontModifier.swift; sourceTree = "<group>"; };
		CD6CCBE325EB40B600B256AA /* BloodSugar.xcdatamodel */ = {isa = PBXFileReference; lastKnownFileType = wrapper.xcdatamodel; path = BloodSugar.xcdatamodel; sourceTree = "<group>"; };
		CD6CCBE825EB760F00B256AA /* PersistenceController.swift */ = {isa = PBXFileReference; lastKnownFileType = sourcecode.swift; path = PersistenceController.swift; sourceTree = "<group>"; };
		CD6CCBED25EB8B8800B256AA /* Measures_Entity+CoreDataClass.swift */ = {isa = PBXFileReference; lastKnownFileType = sourcecode.swift; path = "Measures_Entity+CoreDataClass.swift"; sourceTree = "<group>"; };
		CD6CCBEE25EB8B8800B256AA /* Measures_Entity+CoreDataProperties.swift */ = {isa = PBXFileReference; lastKnownFileType = sourcecode.swift; path = "Measures_Entity+CoreDataProperties.swift"; sourceTree = "<group>"; };
		CD6CCBEF25EB8B8800B256AA /* Distribution_Entity+CoreDataClass.swift */ = {isa = PBXFileReference; lastKnownFileType = sourcecode.swift; path = "Distribution_Entity+CoreDataClass.swift"; sourceTree = "<group>"; };
		CD6CCBF025EB8B8800B256AA /* Distribution_Entity+CoreDataProperties.swift */ = {isa = PBXFileReference; lastKnownFileType = sourcecode.swift; path = "Distribution_Entity+CoreDataProperties.swift"; sourceTree = "<group>"; };
		CD6CCBF525EB8B8800B256AA /* Bg_Info_Entity+CoreDataClass.swift */ = {isa = PBXFileReference; lastKnownFileType = sourcecode.swift; path = "Bg_Info_Entity+CoreDataClass.swift"; sourceTree = "<group>"; };
		CD6CCBF625EB8B8800B256AA /* Bg_Info_Entity+CoreDataProperties.swift */ = {isa = PBXFileReference; lastKnownFileType = sourcecode.swift; path = "Bg_Info_Entity+CoreDataProperties.swift"; sourceTree = "<group>"; };
		CD6CCBF925EB8B8800B256AA /* DistributionRange_Entity+CoreDataClass.swift */ = {isa = PBXFileReference; lastKnownFileType = sourcecode.swift; path = "DistributionRange_Entity+CoreDataClass.swift"; sourceTree = "<group>"; };
		CD6CCBFA25EB8B8800B256AA /* DistributionRange_Entity+CoreDataProperties.swift */ = {isa = PBXFileReference; lastKnownFileType = sourcecode.swift; path = "DistributionRange_Entity+CoreDataProperties.swift"; sourceTree = "<group>"; };
		CD6CCC4A25EDF9A600B256AA /* Date_Info_Entity+CoreDataClass.swift */ = {isa = PBXFileReference; lastKnownFileType = sourcecode.swift; path = "Date_Info_Entity+CoreDataClass.swift"; sourceTree = "<group>"; };
		CD6CCC4B25EDF9A700B256AA /* Date_Info_Entity+CoreDataProperties.swift */ = {isa = PBXFileReference; lastKnownFileType = sourcecode.swift; path = "Date_Info_Entity+CoreDataProperties.swift"; sourceTree = "<group>"; };
		CD6CCC5A25EF43E200B256AA /* Fetches.swift */ = {isa = PBXFileReference; lastKnownFileType = sourcecode.swift; path = Fetches.swift; sourceTree = "<group>"; };
		CD6CCC5F25F462AC00B256AA /* Login.swift */ = {isa = PBXFileReference; lastKnownFileType = sourcecode.swift; path = Login.swift; sourceTree = "<group>"; };
		CD6CCC6725F4BD4800B256AA /* LoginViewModel.swift */ = {isa = PBXFileReference; lastKnownFileType = sourcecode.swift; path = LoginViewModel.swift; sourceTree = "<group>"; };
		CD9D303B2611B66300F948F1 /* Token_Entity+CoreDataClass.swift */ = {isa = PBXFileReference; lastKnownFileType = sourcecode.swift; path = "Token_Entity+CoreDataClass.swift"; sourceTree = "<group>"; };
		CD9D30432611BD4E00F948F1 /* Token_Entity+CoreDataProperties.swift */ = {isa = PBXFileReference; lastKnownFileType = sourcecode.swift; path = "Token_Entity+CoreDataProperties.swift"; sourceTree = "<group>"; };
		CD9D30512612F32600F948F1 /* BSSetup.swift */ = {isa = PBXFileReference; lastKnownFileType = sourcecode.swift; path = BSSetup.swift; sourceTree = "<group>"; };
		CD9D3062261457B500F948F1 /* RangeField.swift */ = {isa = PBXFileReference; lastKnownFileType = sourcecode.swift; path = RangeField.swift; sourceTree = "<group>"; };
		CD9D306A2614677900F948F1 /* RangeFields.swift */ = {isa = PBXFileReference; lastKnownFileType = sourcecode.swift; path = RangeFields.swift; sourceTree = "<group>"; };
		CD9D30782619B3BF00F948F1 /* DayChartViewModel.swift */ = {isa = PBXFileReference; lastKnownFileType = sourcecode.swift; path = DayChartViewModel.swift; sourceTree = "<group>"; };
		CD9D30802619BDB500F948F1 /* DataRecordViewModel.swift */ = {isa = PBXFileReference; lastKnownFileType = sourcecode.swift; path = DataRecordViewModel.swift; sourceTree = "<group>"; };
		CD9D3096261D111400F948F1 /* DateInfoViewModel.swift */ = {isa = PBXFileReference; lastKnownFileType = sourcecode.swift; path = DateInfoViewModel.swift; sourceTree = "<group>"; };
		CD9D309B261D2C9C00F948F1 /* DateButtonViewModel.swift */ = {isa = PBXFileReference; lastKnownFileType = sourcecode.swift; path = DateButtonViewModel.swift; sourceTree = "<group>"; };
		CD9D30A0261D88FD00F948F1 /* YearInfo.swift */ = {isa = PBXFileReference; lastKnownFileType = sourcecode.swift; path = YearInfo.swift; sourceTree = "<group>"; };
		CD9D30A8261D8F6A00F948F1 /* Meta_Entity+CoreDataClass.swift */ = {isa = PBXFileReference; lastKnownFileType = sourcecode.swift; path = "Meta_Entity+CoreDataClass.swift"; sourceTree = "<group>"; };
		CD9D30AD261D8FA500F948F1 /* Meta_Entity+CoreDataProperties.swift */ = {isa = PBXFileReference; lastKnownFileType = sourcecode.swift; path = "Meta_Entity+CoreDataProperties.swift"; sourceTree = "<group>"; };
		CD9D30B2261EC95D00F948F1 /* MonthInfo.swift */ = {isa = PBXFileReference; lastKnownFileType = sourcecode.swift; path = MonthInfo.swift; sourceTree = "<group>"; };
		CD9D30B7261F1DB300F948F1 /* MonthViewModel.swift */ = {isa = PBXFileReference; lastKnownFileType = sourcecode.swift; path = MonthViewModel.swift; sourceTree = "<group>"; };
		CD9D30BF261F278B00F948F1 /* DayInfo.swift */ = {isa = PBXFileReference; lastKnownFileType = sourcecode.swift; path = DayInfo.swift; sourceTree = "<group>"; };
		CD9D30C4261F2B1700F948F1 /* DayViewModel.swift */ = {isa = PBXFileReference; lastKnownFileType = sourcecode.swift; path = DayViewModel.swift; sourceTree = "<group>"; };
		CDA22B9425C04A3A004D0CF2 /* DayButton.swift */ = {isa = PBXFileReference; lastKnownFileType = sourcecode.swift; path = DayButton.swift; sourceTree = "<group>"; };
		CDA22B9925C04A4F004D0CF2 /* DayButtonFiller.swift */ = {isa = PBXFileReference; lastKnownFileType = sourcecode.swift; path = DayButtonFiller.swift; sourceTree = "<group>"; };
		CDA22B9E25C05D4D004D0CF2 /* TopDayRow.swift */ = {isa = PBXFileReference; lastKnownFileType = sourcecode.swift; path = TopDayRow.swift; sourceTree = "<group>"; };
		CDA22BA325C05DF7004D0CF2 /* MidDayRows.swift */ = {isa = PBXFileReference; lastKnownFileType = sourcecode.swift; path = MidDayRows.swift; sourceTree = "<group>"; };
		CDA22BA825C05E08004D0CF2 /* BottomDayRow.swift */ = {isa = PBXFileReference; lastKnownFileType = sourcecode.swift; path = BottomDayRow.swift; sourceTree = "<group>"; };
		CDA22BAD25C06060004D0CF2 /* MidDayRow.swift */ = {isa = PBXFileReference; lastKnownFileType = sourcecode.swift; path = MidDayRow.swift; sourceTree = "<group>"; };
		CDA22BB525C0685D004D0CF2 /* DayButtons.swift */ = {isa = PBXFileReference; lastKnownFileType = sourcecode.swift; path = DayButtons.swift; sourceTree = "<group>"; };
		CDA22BBA25C0DB1C004D0CF2 /* Day.swift */ = {isa = PBXFileReference; lastKnownFileType = sourcecode.swift; path = Day.swift; sourceTree = "<group>"; };
		CDA22BD225C7E22A004D0CF2 /* DayChartBackground.swift */ = {isa = PBXFileReference; lastKnownFileType = sourcecode.swift; path = DayChartBackground.swift; sourceTree = "<group>"; };
		CDA22BD725C7E689004D0CF2 /* LowRangeBackground.swift */ = {isa = PBXFileReference; lastKnownFileType = sourcecode.swift; path = LowRangeBackground.swift; sourceTree = "<group>"; };
		CDA22BDF25C7E8CE004D0CF2 /* MidRangeBackground.swift */ = {isa = PBXFileReference; lastKnownFileType = sourcecode.swift; path = MidRangeBackground.swift; sourceTree = "<group>"; };
		CDA22BE725C7E9B0004D0CF2 /* HighRangeBackground.swift */ = {isa = PBXFileReference; lastKnownFileType = sourcecode.swift; path = HighRangeBackground.swift; sourceTree = "<group>"; };
		CDA22BEF25C80719004D0CF2 /* ChartPoint.swift */ = {isa = PBXFileReference; lastKnownFileType = sourcecode.swift; path = ChartPoint.swift; sourceTree = "<group>"; };
		CDA22BF425C807A6004D0CF2 /* PointGraph.swift */ = {isa = PBXFileReference; lastKnownFileType = sourcecode.swift; path = PointGraph.swift; sourceTree = "<group>"; };
		CDA22BF925C80AF5004D0CF2 /* DayChart.swift */ = {isa = PBXFileReference; lastKnownFileType = sourcecode.swift; path = DayChart.swift; sourceTree = "<group>"; };
		CDA22C0C25C80E45004D0CF2 /* DayFields.swift */ = {isa = PBXFileReference; lastKnownFileType = sourcecode.swift; path = DayFields.swift; sourceTree = "<group>"; };
		CDA22C1125C80F6F004D0CF2 /* DataField.swift */ = {isa = PBXFileReference; lastKnownFileType = sourcecode.swift; path = DataField.swift; sourceTree = "<group>"; };
		CDA22C1925CE77F6004D0CF2 /* Settings.swift */ = {isa = PBXFileReference; lastKnownFileType = sourcecode.swift; path = Settings.swift; sourceTree = "<group>"; };
		CDDEBA939D25838050EAB0DF /* Pods_Calendex.framework */ = {isa = PBXFileReference; explicitFileType = wrapper.framework; includeInIndex = 0; path = Pods_Calendex.framework; sourceTree = BUILT_PRODUCTS_DIR; };
		CDFE64182607C79500986423 /* AccessToken.swift */ = {isa = PBXFileReference; lastKnownFileType = sourcecode.swift; path = AccessToken.swift; sourceTree = "<group>"; };
		CDFE64242607D81100986423 /* SignInRequest.swift */ = {isa = PBXFileReference; lastKnownFileType = sourcecode.swift; path = SignInRequest.swift; sourceTree = "<group>"; };
		CDFE642C2607D82400986423 /* TokenRequest.swift */ = {isa = PBXFileReference; lastKnownFileType = sourcecode.swift; path = TokenRequest.swift; sourceTree = "<group>"; };
		CDFE64312607D83600986423 /* StatsRequest.swift */ = {isa = PBXFileReference; lastKnownFileType = sourcecode.swift; path = StatsRequest.swift; sourceTree = "<group>"; };
		F49FF772408954752E42D7B2 /* Pods-Calendex.debug.xcconfig */ = {isa = PBXFileReference; includeInIndex = 1; lastKnownFileType = text.xcconfig; name = "Pods-Calendex.debug.xcconfig"; path = "Target Support Files/Pods-Calendex/Pods-Calendex.debug.xcconfig"; sourceTree = "<group>"; };
/* End PBXFileReference section */

/* Begin PBXFrameworksBuildPhase section */
		CD3AA7CB259830730087ACF1 /* Frameworks */ = {
			isa = PBXFrameworksBuildPhase;
			buildActionMask = 2147483647;
			files = (
				27D218888CFC318BB9503C9B /* Pods_Calendex.framework in Frameworks */,
			);
			runOnlyForDeploymentPostprocessing = 0;
		};
		CD3AA7DC259830750087ACF1 /* Frameworks */ = {
			isa = PBXFrameworksBuildPhase;
			buildActionMask = 2147483647;
			files = (
			);
			runOnlyForDeploymentPostprocessing = 0;
		};
		CD3AA7E7259830750087ACF1 /* Frameworks */ = {
			isa = PBXFrameworksBuildPhase;
			buildActionMask = 2147483647;
			files = (
			);
			runOnlyForDeploymentPostprocessing = 0;
		};
/* End PBXFrameworksBuildPhase section */

/* Begin PBXGroup section */
		0ED2A67764AE8F01649D352A /* Pods */ = {
			isa = PBXGroup;
			children = (
				F49FF772408954752E42D7B2 /* Pods-Calendex.debug.xcconfig */,
				5B6D58A3665D8A1ED6CE28A5 /* Pods-Calendex.release.xcconfig */,
			);
			path = Pods;
			sourceTree = "<group>";
		};
		B29C5872AD16290CB67DD400 /* Frameworks */ = {
			isa = PBXGroup;
			children = (
				CDDEBA939D25838050EAB0DF /* Pods_Calendex.framework */,
			);
			name = Frameworks;
			sourceTree = "<group>";
		};
		CD08F16A26094BF600FD3235 /* Blood Sugar */ = {
			isa = PBXGroup;
			children = (
				CD6CCBE225EB40B500B256AA /* BloodSugar.xcdatamodeld */,
				CD9D30512612F32600F948F1 /* BSSetup.swift */,
				CD6CCBED25EB8B8800B256AA /* Measures_Entity+CoreDataClass.swift */,
				CD6CCBEE25EB8B8800B256AA /* Measures_Entity+CoreDataProperties.swift */,
				CD6CCC4A25EDF9A600B256AA /* Date_Info_Entity+CoreDataClass.swift */,
				CD6CCC4B25EDF9A700B256AA /* Date_Info_Entity+CoreDataProperties.swift */,
				CD6CCBEF25EB8B8800B256AA /* Distribution_Entity+CoreDataClass.swift */,
				CD6CCBF025EB8B8800B256AA /* Distribution_Entity+CoreDataProperties.swift */,
				CD6CCBF525EB8B8800B256AA /* Bg_Info_Entity+CoreDataClass.swift */,
				CD6CCBF625EB8B8800B256AA /* Bg_Info_Entity+CoreDataProperties.swift */,
				CD6CCBF925EB8B8800B256AA /* DistributionRange_Entity+CoreDataClass.swift */,
				CD6CCBFA25EB8B8800B256AA /* DistributionRange_Entity+CoreDataProperties.swift */,
				CD9D303B2611B66300F948F1 /* Token_Entity+CoreDataClass.swift */,
				CD9D30432611BD4E00F948F1 /* Token_Entity+CoreDataProperties.swift */,
				CD9D30A8261D8F6A00F948F1 /* Meta_Entity+CoreDataClass.swift */,
				CD9D30AD261D8FA500F948F1 /* Meta_Entity+CoreDataProperties.swift */,
			);
			name = "Blood Sugar";
			path = ..;
			sourceTree = "<group>";
		};
		CD08F16C26094CD600FD3235 /* Core Data */ = {
			isa = PBXGroup;
			children = (
				CD6CCBE825EB760F00B256AA /* PersistenceController.swift */,
				CD08F16A26094BF600FD3235 /* Blood Sugar */,
			);
			path = "Core Data";
			sourceTree = "<group>";
		};
		CD08F16D26094D1200FD3235 /* Screens */ = {
			isa = PBXGroup;
			children = (
				CD3AA7D1259830730087ACF1 /* CalendexApp.swift */,
				CD6CCC5F25F462AC00B256AA /* Login.swift */,
				CD6CCC6725F4BD4800B256AA /* LoginViewModel.swift */,
				CD63026525B51E20003A6AA2 /* Year.swift */,
				CD6302C325C00571003A6AA2 /* Month.swift */,
				CDA22BBA25C0DB1C004D0CF2 /* Day.swift */,
				CDA22C1925CE77F6004D0CF2 /* Settings.swift */,
				CD08F1A9260D9EAC00FD3235 /* Loading.swift */,
				CD9D3096261D111400F948F1 /* DateInfoViewModel.swift */,
				CD9D30A0261D88FD00F948F1 /* YearInfo.swift */,
				CD9D30B2261EC95D00F948F1 /* MonthInfo.swift */,
				CD9D30B7261F1DB300F948F1 /* MonthViewModel.swift */,
				CD9D30BF261F278B00F948F1 /* DayInfo.swift */,
				CD9D30C4261F2B1700F948F1 /* DayViewModel.swift */,
			);
			path = Screens;
			sourceTree = "<group>";
		};
		CD08F16E26094DCA00FD3235 /* API Calls */ = {
			isa = PBXGroup;
			children = (
				CDFE64242607D81100986423 /* SignInRequest.swift */,
				CDFE642C2607D82400986423 /* TokenRequest.swift */,
				CDFE64312607D83600986423 /* StatsRequest.swift */,
				CD08F17F2609A03500FD3235 /* DataRangeRequest.swift */,
				CD08F191260AA80B00FD3235 /* EgvRequest.swift */,
				CD08F1A4260BD56E00FD3235 /* DateEgvRequest.swift */,
			);
			path = "API Calls";
			sourceTree = "<group>";
		};
		CD3AA7C5259830730087ACF1 = {
			isa = PBXGroup;
			children = (
				CD3AA7D0259830730087ACF1 /* Calendex */,
				CD3AA7E2259830750087ACF1 /* CalendexTests */,
				CD3AA7ED259830750087ACF1 /* CalendexUITests */,
				CD3AA7CF259830730087ACF1 /* Products */,
				0ED2A67764AE8F01649D352A /* Pods */,
				B29C5872AD16290CB67DD400 /* Frameworks */,
			);
			sourceTree = "<group>";
		};
		CD3AA7CF259830730087ACF1 /* Products */ = {
			isa = PBXGroup;
			children = (
				CD3AA7CE259830730087ACF1 /* Calendex.app */,
				CD3AA7DF259830750087ACF1 /* CalendexTests.xctest */,
				CD3AA7EA259830750087ACF1 /* CalendexUITests.xctest */,
			);
			name = Products;
			sourceTree = "<group>";
		};
		CD3AA7D0259830730087ACF1 /* Calendex */ = {
			isa = PBXGroup;
			children = (
				CD08F16C26094CD600FD3235 /* Core Data */,
				CD08F16D26094D1200FD3235 /* Screens */,
				CD63026325B51BE1003A6AA2 /* UI Elements */,
				CD08F16E26094DCA00FD3235 /* API Calls */,
				CD63026425B51BF3003A6AA2 /* Globals */,
				CD63028C25B6D7B4003A6AA2 /* Objects */,
				CD3AA7D5259830750087ACF1 /* Assets.xcassets */,
				CD3AA7DA259830750087ACF1 /* Info.plist */,
				CD3AA7D7259830750087ACF1 /* Preview Content */,
			);
			path = Calendex;
			sourceTree = "<group>";
		};
		CD3AA7D7259830750087ACF1 /* Preview Content */ = {
			isa = PBXGroup;
			children = (
				CD3AA7D8259830750087ACF1 /* Preview Assets.xcassets */,
			);
			path = "Preview Content";
			sourceTree = "<group>";
		};
		CD3AA7E2259830750087ACF1 /* CalendexTests */ = {
			isa = PBXGroup;
			children = (
				CD3AA7E3259830750087ACF1 /* CalendexTests.swift */,
				CD3AA7E5259830750087ACF1 /* Info.plist */,
			);
			path = CalendexTests;
			sourceTree = "<group>";
		};
		CD3AA7ED259830750087ACF1 /* CalendexUITests */ = {
			isa = PBXGroup;
			children = (
				CD3AA7EE259830750087ACF1 /* CalendexUITests.swift */,
				CD3AA7F0259830750087ACF1 /* Info.plist */,
			);
			path = CalendexUITests;
			sourceTree = "<group>";
		};
		CD63026325B51BE1003A6AA2 /* UI Elements */ = {
			isa = PBXGroup;
			children = (
				CD6CCBB225DECF2B00B256AA /* Color Picker */,
				CD6CCBA125DEC9C100B256AA /* Data Record */,
				CD6CCB8E25DCA58C00B256AA /* GoalSlider */,
				CDA22BFE25C80B70004D0CF2 /* Day Chart */,
				CDA22BBF25C7DEA9004D0CF2 /* Day Summary */,
				CDA22C1E25CF837B004D0CF2 /* Day Data Fields */,
				CDA22BCA25C7DF4A004D0CF2 /* Month Summary */,
				CD6302BF25BFD923003A6AA2 /* Distribution */,
				CDA22BC625C7DF02004D0CF2 /* Time In Range */,
				CDA22BCE25C7DF6D004D0CF2 /* Titles-Headers-Banners */,
				CD6CCBDD25EA25A500B256AA /* AnimatableCustomFontModifier.swift */,
			);
			path = "UI Elements";
			sourceTree = "<group>";
		};
		CD63026425B51BF3003A6AA2 /* Globals */ = {
			isa = PBXGroup;
			children = (
				CD6CCB3425D53C9200B256AA /* EnvironmentObjects */,
				CD63025D25B4A253003A6AA2 /* AppColors.swift */,
				CD6CCAC825D0BD9B00B256AA /* Spacing.swift */,
				CD6CCB1025D1481300B256AA /* Dimensions.swift */,
				CD6CCC5A25EF43E200B256AA /* Fetches.swift */,
			);
			path = Globals;
			sourceTree = "<group>";
		};
		CD63028C25B6D7B4003A6AA2 /* Objects */ = {
			isa = PBXGroup;
			children = (
				CDFE64172607C77500986423 /* Json */,
				CD63029525B6D895003A6AA2 /* BgTime.swift */,
				CD63029A25B6D950003A6AA2 /* Range.swift */,
			);
			path = Objects;
			sourceTree = "<group>";
		};
		CD6302BF25BFD923003A6AA2 /* Distribution */ = {
			isa = PBXGroup;
			children = (
				CD6302A425BDB3B4003A6AA2 /* DistributionBar.swift */,
				CD63029F25BDA736003A6AA2 /* DistributionGraph.swift */,
				CD6302AE25BE6487003A6AA2 /* DistributionRange.swift */,
				CD6302A925BE621E003A6AA2 /* DistributionRangeMarker.swift */,
				CD6CCADA25D0C25700B256AA /* Distribution.swift */,
			);
			name = Distribution;
			sourceTree = "<group>";
		};
		CD6CCB3425D53C9200B256AA /* EnvironmentObjects */ = {
			isa = PBXGroup;
			children = (
				CD6CCB3525D53CAA00B256AA /* Goals.swift */,
				CD6CCBC525DF73AC00B256AA /* Colors.swift */,
			);
			name = EnvironmentObjects;
			sourceTree = "<group>";
		};
		CD6CCB8E25DCA58C00B256AA /* GoalSlider */ = {
			isa = PBXGroup;
			children = (
				CD6CCB2C25D531EF00B256AA /* GoalSlider.swift */,
				CD6CCB1525D4CCC200B256AA /* SliderThumb.swift */,
				CD6CCB6825DC593000B256AA /* Metric.swift */,
				CD6CCB7025DC5B9300B256AA /* Average.swift */,
				CD6CCB7825DC763800B256AA /* Time.swift */,
				CD6CCB7D25DC765000B256AA /* Deviation.swift */,
				CD6CCAC325CFCE4A00B256AA /* SliderRuler.swift */,
				CD6CCB9225DCAC4400B256AA /* AverageSlider.swift */,
				CD6CCB9725DEA59C00B256AA /* TimeSlider.swift */,
				CD6CCB9C25DEA7D000B256AA /* DeviationSlider.swift */,
			);
			name = GoalSlider;
			sourceTree = "<group>";
		};
		CD6CCBA125DEC9C100B256AA /* Data Record */ = {
			isa = PBXGroup;
			children = (
				CD6CCBA225DEC9DD00B256AA /* DataBar.swift */,
				CD9D30802619BDB500F948F1 /* DataRecordViewModel.swift */,
				CD6CCBAA25DECB6600B256AA /* DataRecord.swift */,
			);
			name = "Data Record";
			sourceTree = "<group>";
		};
		CD6CCBB225DECF2B00B256AA /* Color Picker */ = {
			isa = PBXGroup;
			children = (
				CD6CCBB625DED1F000B256AA /* ColorPicker.swift */,
				CD6CCBBB25DEE6A100B256AA /* PickerBoxTriangle.swift */,
				CD6CCBC025DF263D00B256AA /* ColorPickerMenu.swift */,
			);
			name = "Color Picker";
			sourceTree = "<group>";
		};
		CDA22BBF25C7DEA9004D0CF2 /* Day Summary */ = {
			isa = PBXGroup;
			children = (
				CDA22BA825C05E08004D0CF2 /* BottomDayRow.swift */,
				CDA22B9425C04A3A004D0CF2 /* DayButton.swift */,
				CDA22B9925C04A4F004D0CF2 /* DayButtonFiller.swift */,
				CDA22BB525C0685D004D0CF2 /* DayButtons.swift */,
				CD6302C825C00604003A6AA2 /* DowBanner.swift */,
				CD6CCAFD25D105EB00B256AA /* DaySummary.swift */,
				CDA22BAD25C06060004D0CF2 /* MidDayRow.swift */,
				CDA22BA325C05DF7004D0CF2 /* MidDayRows.swift */,
				CDA22B9E25C05D4D004D0CF2 /* TopDayRow.swift */,
			);
			name = "Day Summary";
			sourceTree = "<group>";
		};
		CDA22BC625C7DF02004D0CF2 /* Time In Range */ = {
			isa = PBXGroup;
			children = (
				CD63028625B6D4A6003A6AA2 /* TimeBar.swift */,
				CD6CCAD525D0C0F000B256AA /* TimeInRange.swift */,
				CD9D3062261457B500F948F1 /* RangeField.swift */,
				CD9D306A2614677900F948F1 /* RangeFields.swift */,
			);
			name = "Time In Range";
			sourceTree = "<group>";
		};
		CDA22BCA25C7DF4A004D0CF2 /* Month Summary */ = {
			isa = PBXGroup;
			children = (
				CD63027725B6116A003A6AA2 /* DataButton.swift */,
				CD6CCADF25D0C35200B256AA /* DataButtons.swift */,
				CD63027225B60A5A003A6AA2 /* MonthButton.swift */,
				CD6302B325BE6F41003A6AA2 /* MonthButtons.swift */,
				CD6CCAEA25D0D11B00B256AA /* MonthSummary.swift */,
				CD9D309B261D2C9C00F948F1 /* DateButtonViewModel.swift */,
			);
			name = "Month Summary";
			sourceTree = "<group>";
		};
		CDA22BCE25C7DF6D004D0CF2 /* Titles-Headers-Banners */ = {
			isa = PBXGroup;
			children = (
				CD63025825B4A1ED003A6AA2 /* OverheadBanner.swift */,
				CD6CCACD25D0C01000B256AA /* ScreenHeader.swift */,
				CD63026D25B5FBD8003A6AA2 /* ScreenTitle.swift */,
				CD63027C25B61345003A6AA2 /* SubBanner.swift */,
				CD6CCBD025E08F0E00B256AA /* SettingsButton.swift */,
				CD6CCBD525E16AC700B256AA /* SettingsButtonSelected.swift */,
			);
			name = "Titles-Headers-Banners";
			sourceTree = "<group>";
		};
		CDA22BFE25C80B70004D0CF2 /* Day Chart */ = {
			isa = PBXGroup;
			children = (
				CDA22BEF25C80719004D0CF2 /* ChartPoint.swift */,
				CDA22BF925C80AF5004D0CF2 /* DayChart.swift */,
				CD9D30782619B3BF00F948F1 /* DayChartViewModel.swift */,
				CDA22BD225C7E22A004D0CF2 /* DayChartBackground.swift */,
				CDA22BE725C7E9B0004D0CF2 /* HighRangeBackground.swift */,
				CDA22BD725C7E689004D0CF2 /* LowRangeBackground.swift */,
				CDA22BDF25C7E8CE004D0CF2 /* MidRangeBackground.swift */,
				CDA22BF425C807A6004D0CF2 /* PointGraph.swift */,
			);
			name = "Day Chart";
			sourceTree = "<group>";
		};
		CDA22C1E25CF837B004D0CF2 /* Day Data Fields */ = {
			isa = PBXGroup;
			children = (
				CDA22C1125C80F6F004D0CF2 /* DataField.swift */,
				CDA22C0C25C80E45004D0CF2 /* DayFields.swift */,
				CD6CCB0525D10E3B00B256AA /* DayQuickData.swift */,
			);
			name = "Day Data Fields";
			sourceTree = "<group>";
		};
		CDFE64172607C77500986423 /* Json */ = {
			isa = PBXGroup;
			children = (
				CDFE64182607C79500986423 /* AccessToken.swift */,
				CD08F17A26096B2400FD3235 /* Stats.swift */,
				CD08F1842609A3C800FD3235 /* DataRange.swift */,
				CD08F196260AA89D00FD3235 /* Egvs.swift */,
			);
			name = Json;
			sourceTree = "<group>";
		};
/* End PBXGroup section */

/* Begin PBXNativeTarget section */
		CD3AA7CD259830730087ACF1 /* Calendex */ = {
			isa = PBXNativeTarget;
			buildConfigurationList = CD3AA7F3259830750087ACF1 /* Build configuration list for PBXNativeTarget "Calendex" */;
			buildPhases = (
				A57DC07F40EF4853B1A5515A /* [CP] Check Pods Manifest.lock */,
				CD3AA7CA259830730087ACF1 /* Sources */,
				CD3AA7CB259830730087ACF1 /* Frameworks */,
				CD3AA7CC259830730087ACF1 /* Resources */,
				31141C0A9182BCFB8CC5FE98 /* [CP] Embed Pods Frameworks */,
			);
			buildRules = (
			);
			dependencies = (
			);
			name = Calendex;
			productName = Calendex;
			productReference = CD3AA7CE259830730087ACF1 /* Calendex.app */;
			productType = "com.apple.product-type.application";
		};
		CD3AA7DE259830750087ACF1 /* CalendexTests */ = {
			isa = PBXNativeTarget;
			buildConfigurationList = CD3AA7F6259830750087ACF1 /* Build configuration list for PBXNativeTarget "CalendexTests" */;
			buildPhases = (
				CD3AA7DB259830750087ACF1 /* Sources */,
				CD3AA7DC259830750087ACF1 /* Frameworks */,
				CD3AA7DD259830750087ACF1 /* Resources */,
			);
			buildRules = (
			);
			dependencies = (
				CD3AA7E1259830750087ACF1 /* PBXTargetDependency */,
			);
			name = CalendexTests;
			productName = CalendexTests;
			productReference = CD3AA7DF259830750087ACF1 /* CalendexTests.xctest */;
			productType = "com.apple.product-type.bundle.unit-test";
		};
		CD3AA7E9259830750087ACF1 /* CalendexUITests */ = {
			isa = PBXNativeTarget;
			buildConfigurationList = CD3AA7F9259830750087ACF1 /* Build configuration list for PBXNativeTarget "CalendexUITests" */;
			buildPhases = (
				CD3AA7E6259830750087ACF1 /* Sources */,
				CD3AA7E7259830750087ACF1 /* Frameworks */,
				CD3AA7E8259830750087ACF1 /* Resources */,
			);
			buildRules = (
			);
			dependencies = (
				CD3AA7EC259830750087ACF1 /* PBXTargetDependency */,
			);
			name = CalendexUITests;
			productName = CalendexUITests;
			productReference = CD3AA7EA259830750087ACF1 /* CalendexUITests.xctest */;
			productType = "com.apple.product-type.bundle.ui-testing";
		};
/* End PBXNativeTarget section */

/* Begin PBXProject section */
		CD3AA7C6259830730087ACF1 /* Project object */ = {
			isa = PBXProject;
			attributes = {
				LastSwiftUpdateCheck = 1230;
				LastUpgradeCheck = 1230;
				TargetAttributes = {
					CD3AA7CD259830730087ACF1 = {
						CreatedOnToolsVersion = 12.3;
					};
					CD3AA7DE259830750087ACF1 = {
						CreatedOnToolsVersion = 12.3;
						TestTargetID = CD3AA7CD259830730087ACF1;
					};
					CD3AA7E9259830750087ACF1 = {
						CreatedOnToolsVersion = 12.3;
						TestTargetID = CD3AA7CD259830730087ACF1;
					};
				};
			};
			buildConfigurationList = CD3AA7C9259830730087ACF1 /* Build configuration list for PBXProject "Calendex" */;
			compatibilityVersion = "Xcode 9.3";
			developmentRegion = en;
			hasScannedForEncodings = 0;
			knownRegions = (
				en,
				Base,
			);
			mainGroup = CD3AA7C5259830730087ACF1;
			productRefGroup = CD3AA7CF259830730087ACF1 /* Products */;
			projectDirPath = "";
			projectRoot = "";
			targets = (
				CD3AA7CD259830730087ACF1 /* Calendex */,
				CD3AA7DE259830750087ACF1 /* CalendexTests */,
				CD3AA7E9259830750087ACF1 /* CalendexUITests */,
			);
		};
/* End PBXProject section */

/* Begin PBXResourcesBuildPhase section */
		CD3AA7CC259830730087ACF1 /* Resources */ = {
			isa = PBXResourcesBuildPhase;
			buildActionMask = 2147483647;
			files = (
				CD3AA7D9259830750087ACF1 /* Preview Assets.xcassets in Resources */,
				CD3AA7D6259830750087ACF1 /* Assets.xcassets in Resources */,
			);
			runOnlyForDeploymentPostprocessing = 0;
		};
		CD3AA7DD259830750087ACF1 /* Resources */ = {
			isa = PBXResourcesBuildPhase;
			buildActionMask = 2147483647;
			files = (
			);
			runOnlyForDeploymentPostprocessing = 0;
		};
		CD3AA7E8259830750087ACF1 /* Resources */ = {
			isa = PBXResourcesBuildPhase;
			buildActionMask = 2147483647;
			files = (
			);
			runOnlyForDeploymentPostprocessing = 0;
		};
/* End PBXResourcesBuildPhase section */

/* Begin PBXShellScriptBuildPhase section */
		31141C0A9182BCFB8CC5FE98 /* [CP] Embed Pods Frameworks */ = {
			isa = PBXShellScriptBuildPhase;
			buildActionMask = 2147483647;
			files = (
			);
			inputFileListPaths = (
				"${PODS_ROOT}/Target Support Files/Pods-Calendex/Pods-Calendex-frameworks-${CONFIGURATION}-input-files.xcfilelist",
			);
			name = "[CP] Embed Pods Frameworks";
			outputFileListPaths = (
				"${PODS_ROOT}/Target Support Files/Pods-Calendex/Pods-Calendex-frameworks-${CONFIGURATION}-output-files.xcfilelist",
			);
			runOnlyForDeploymentPostprocessing = 0;
			shellPath = /bin/sh;
			shellScript = "\"${PODS_ROOT}/Target Support Files/Pods-Calendex/Pods-Calendex-frameworks.sh\"\n";
			showEnvVarsInLog = 0;
		};
		A57DC07F40EF4853B1A5515A /* [CP] Check Pods Manifest.lock */ = {
			isa = PBXShellScriptBuildPhase;
			buildActionMask = 2147483647;
			files = (
			);
			inputFileListPaths = (
			);
			inputPaths = (
				"${PODS_PODFILE_DIR_PATH}/Podfile.lock",
				"${PODS_ROOT}/Manifest.lock",
			);
			name = "[CP] Check Pods Manifest.lock";
			outputFileListPaths = (
			);
			outputPaths = (
				"$(DERIVED_FILE_DIR)/Pods-Calendex-checkManifestLockResult.txt",
			);
			runOnlyForDeploymentPostprocessing = 0;
			shellPath = /bin/sh;
			shellScript = "diff \"${PODS_PODFILE_DIR_PATH}/Podfile.lock\" \"${PODS_ROOT}/Manifest.lock\" > /dev/null\nif [ $? != 0 ] ; then\n    # print error to STDERR\n    echo \"error: The sandbox is not in sync with the Podfile.lock. Run 'pod install' or update your CocoaPods installation.\" >&2\n    exit 1\nfi\n# This output is used by Xcode 'outputs' to avoid re-running this script phase.\necho \"SUCCESS\" > \"${SCRIPT_OUTPUT_FILE_0}\"\n";
			showEnvVarsInLog = 0;
		};
/* End PBXShellScriptBuildPhase section */

/* Begin PBXSourcesBuildPhase section */
		CD3AA7CA259830730087ACF1 /* Sources */ = {
			isa = PBXSourcesBuildPhase;
			buildActionMask = 2147483647;
			files = (
				CD6CCAC925D0BD9B00B256AA /* Spacing.swift in Sources */,
				CD08F1AA260D9EAC00FD3235 /* Loading.swift in Sources */,
				CD6CCBAB25DECB6600B256AA /* DataRecord.swift in Sources */,
				CDA22C0D25C80E45004D0CF2 /* DayFields.swift in Sources */,
				CD6CCB7125DC5B9300B256AA /* Average.swift in Sources */,
				CDA22BF525C807A6004D0CF2 /* PointGraph.swift in Sources */,
				CD6CCBFB25EB8B8800B256AA /* Measures_Entity+CoreDataClass.swift in Sources */,
				CD63027825B6116A003A6AA2 /* DataButton.swift in Sources */,
				CD9D30C5261F2B1700F948F1 /* DayViewModel.swift in Sources */,
				CD63025E25B4A253003A6AA2 /* AppColors.swift in Sources */,
				CD6CCB0625D10E3B00B256AA /* DayQuickData.swift in Sources */,
				CDA22BB625C0685D004D0CF2 /* DayButtons.swift in Sources */,
				CDA22BE825C7E9B0004D0CF2 /* HighRangeBackground.swift in Sources */,
				CD9D306B2614677900F948F1 /* RangeFields.swift in Sources */,
				CD6CCBB725DED1F000B256AA /* ColorPicker.swift in Sources */,
				CD6CCADB25D0C25700B256AA /* Distribution.swift in Sources */,
				CD6CCAEB25D0D11B00B256AA /* MonthSummary.swift in Sources */,
				CDA22B9F25C05D4D004D0CF2 /* TopDayRow.swift in Sources */,
				CD9D30792619B3BF00F948F1 /* DayChartViewModel.swift in Sources */,
				CD6302B425BE6F41003A6AA2 /* MonthButtons.swift in Sources */,
				CDFE64322607D83600986423 /* StatsRequest.swift in Sources */,
				CD6CCC0325EB8B8800B256AA /* Bg_Info_Entity+CoreDataClass.swift in Sources */,
				CD63026625B51E20003A6AA2 /* Year.swift in Sources */,
				CD6CCB7925DC763800B256AA /* Time.swift in Sources */,
				CD6CCACE25D0C01000B256AA /* ScreenHeader.swift in Sources */,
				CD63025925B4A1ED003A6AA2 /* OverheadBanner.swift in Sources */,
				CD6302AF25BE6487003A6AA2 /* DistributionRange.swift in Sources */,
				CD9D309C261D2C9C00F948F1 /* DateButtonViewModel.swift in Sources */,
				CD6CCBC625DF73AC00B256AA /* Colors.swift in Sources */,
				CD6CCB7E25DC765000B256AA /* Deviation.swift in Sources */,
				CD6CCBBC25DEE6A100B256AA /* PickerBoxTriangle.swift in Sources */,
				CD6CCBE925EB760F00B256AA /* PersistenceController.swift in Sources */,
				CD6302A525BDB3B4003A6AA2 /* DistributionBar.swift in Sources */,
				CD6CCB6925DC593000B256AA /* Metric.swift in Sources */,
				CDA22B9A25C04A4F004D0CF2 /* DayButtonFiller.swift in Sources */,
				CDA22BFA25C80AF5004D0CF2 /* DayChart.swift in Sources */,
				CD6302C425C00571003A6AA2 /* Month.swift in Sources */,
				CD6CCB1625D4CCC200B256AA /* SliderThumb.swift in Sources */,
				CD6CCBFC25EB8B8800B256AA /* Measures_Entity+CoreDataProperties.swift in Sources */,
				CDA22BD825C7E689004D0CF2 /* LowRangeBackground.swift in Sources */,
				CD08F197260AA89D00FD3235 /* Egvs.swift in Sources */,
				CD6CCC0725EB8B8800B256AA /* DistributionRange_Entity+CoreDataClass.swift in Sources */,
				CD6CCBA325DEC9DD00B256AA /* DataBar.swift in Sources */,
				CDA22C1A25CE77F6004D0CF2 /* Settings.swift in Sources */,
				CD6CCAD625D0C0F000B256AA /* TimeInRange.swift in Sources */,
				CD9D30A1261D88FD00F948F1 /* YearInfo.swift in Sources */,
				CDFE642D2607D82400986423 /* TokenRequest.swift in Sources */,
				CD6CCC0425EB8B8800B256AA /* Bg_Info_Entity+CoreDataProperties.swift in Sources */,
				CD63026E25B5FBD8003A6AA2 /* ScreenTitle.swift in Sources */,
				CD6CCBC125DF263D00B256AA /* ColorPickerMenu.swift in Sources */,
				CD08F1852609A3C800FD3235 /* DataRange.swift in Sources */,
				CD08F1A5260BD56E00FD3235 /* DateEgvRequest.swift in Sources */,
				CDA22BD325C7E22A004D0CF2 /* DayChartBackground.swift in Sources */,
				CD6CCBDE25EA25A500B256AA /* AnimatableCustomFontModifier.swift in Sources */,
				CDFE64252607D81100986423 /* SignInRequest.swift in Sources */,
				CD6CCAC425CFCE4A00B256AA /* SliderRuler.swift in Sources */,
				CDA22BA425C05DF7004D0CF2 /* MidDayRows.swift in Sources */,
				CD6CCB9D25DEA7D000B256AA /* DeviationSlider.swift in Sources */,
				CD08F192260AA80B00FD3235 /* EgvRequest.swift in Sources */,
				CD63027D25B61345003A6AA2 /* SubBanner.swift in Sources */,
				CD6302A025BDA736003A6AA2 /* DistributionGraph.swift in Sources */,
				CD63029625B6D895003A6AA2 /* BgTime.swift in Sources */,
				CD6CCAFE25D105EB00B256AA /* DaySummary.swift in Sources */,
				CDA22BAE25C06060004D0CF2 /* MidDayRow.swift in Sources */,
				CD63028725B6D4A6003A6AA2 /* TimeBar.swift in Sources */,
				CD9D30522612F32600F948F1 /* BSSetup.swift in Sources */,
				CD6CCC4D25EDF9A700B256AA /* Date_Info_Entity+CoreDataProperties.swift in Sources */,
				CDA22BBB25C0DB1C004D0CF2 /* Day.swift in Sources */,
				CD63027325B60A5A003A6AA2 /* MonthButton.swift in Sources */,
				CD9D30B3261EC95D00F948F1 /* MonthInfo.swift in Sources */,
				CD6CCC6825F4BD4800B256AA /* LoginViewModel.swift in Sources */,
				CD9D30A9261D8F6A00F948F1 /* Meta_Entity+CoreDataClass.swift in Sources */,
				CD9D3097261D111400F948F1 /* DateInfoViewModel.swift in Sources */,
				CD6CCB9325DCAC4400B256AA /* AverageSlider.swift in Sources */,
				CD6CCBFD25EB8B8800B256AA /* Distribution_Entity+CoreDataClass.swift in Sources */,
				CD6CCAE025D0C35200B256AA /* DataButtons.swift in Sources */,
				CDA22BF025C80719004D0CF2 /* ChartPoint.swift in Sources */,
				CD08F17B26096B2400FD3235 /* Stats.swift in Sources */,
				CD6CCC5B25EF43E300B256AA /* Fetches.swift in Sources */,
				CD6CCC0825EB8B8800B256AA /* DistributionRange_Entity+CoreDataProperties.swift in Sources */,
				CDA22C1225C80F6F004D0CF2 /* DataField.swift in Sources */,
				CD08F1802609A03500FD3235 /* DataRangeRequest.swift in Sources */,
				CD9D30812619BDB500F948F1 /* DataRecordViewModel.swift in Sources */,
				CD6CCB3625D53CAA00B256AA /* Goals.swift in Sources */,
				CDFE64192607C79500986423 /* AccessToken.swift in Sources */,
				CD6CCC6025F462AC00B256AA /* Login.swift in Sources */,
				CD3AA7D2259830730087ACF1 /* CalendexApp.swift in Sources */,
				CDA22BE025C7E8CE004D0CF2 /* MidRangeBackground.swift in Sources */,
				CD63029B25B6D950003A6AA2 /* Range.swift in Sources */,
				CD6CCBD125E08F0E00B256AA /* SettingsButton.swift in Sources */,
				CD9D30442611BD4E00F948F1 /* Token_Entity+CoreDataProperties.swift in Sources */,
				CD6CCB9825DEA59C00B256AA /* TimeSlider.swift in Sources */,
				CD6CCBFE25EB8B8800B256AA /* Distribution_Entity+CoreDataProperties.swift in Sources */,
				CD6302C925C00604003A6AA2 /* DowBanner.swift in Sources */,
				CD6CCC4C25EDF9A700B256AA /* Date_Info_Entity+CoreDataClass.swift in Sources */,
				CD9D303C2611B66300F948F1 /* Token_Entity+CoreDataClass.swift in Sources */,
				CD6CCBE425EB40B600B256AA /* BloodSugar.xcdatamodeld in Sources */,
				CD6CCB1125D1481300B256AA /* Dimensions.swift in Sources */,
				CDA22B9525C04A3A004D0CF2 /* DayButton.swift in Sources */,
				CD6CCB2D25D531EF00B256AA /* GoalSlider.swift in Sources */,
				CD9D3063261457B500F948F1 /* RangeField.swift in Sources */,
				CD9D30C0261F278B00F948F1 /* DayInfo.swift in Sources */,
				CD9D30B8261F1DB300F948F1 /* MonthViewModel.swift in Sources */,
				CD6CCBD625E16AC700B256AA /* SettingsButtonSelected.swift in Sources */,
				CD9D30AE261D8FA500F948F1 /* Meta_Entity+CoreDataProperties.swift in Sources */,
				CDA22BA925C05E08004D0CF2 /* BottomDayRow.swift in Sources */,
				CD6302AA25BE621F003A6AA2 /* DistributionRangeMarker.swift in Sources */,
			);
			runOnlyForDeploymentPostprocessing = 0;
		};
		CD3AA7DB259830750087ACF1 /* Sources */ = {
			isa = PBXSourcesBuildPhase;
			buildActionMask = 2147483647;
			files = (
				CD3AA7E4259830750087ACF1 /* CalendexTests.swift in Sources */,
			);
			runOnlyForDeploymentPostprocessing = 0;
		};
		CD3AA7E6259830750087ACF1 /* Sources */ = {
			isa = PBXSourcesBuildPhase;
			buildActionMask = 2147483647;
			files = (
				CD3AA7EF259830750087ACF1 /* CalendexUITests.swift in Sources */,
			);
			runOnlyForDeploymentPostprocessing = 0;
		};
/* End PBXSourcesBuildPhase section */

/* Begin PBXTargetDependency section */
		CD3AA7E1259830750087ACF1 /* PBXTargetDependency */ = {
			isa = PBXTargetDependency;
			target = CD3AA7CD259830730087ACF1 /* Calendex */;
			targetProxy = CD3AA7E0259830750087ACF1 /* PBXContainerItemProxy */;
		};
		CD3AA7EC259830750087ACF1 /* PBXTargetDependency */ = {
			isa = PBXTargetDependency;
			target = CD3AA7CD259830730087ACF1 /* Calendex */;
			targetProxy = CD3AA7EB259830750087ACF1 /* PBXContainerItemProxy */;
		};
/* End PBXTargetDependency section */

/* Begin XCBuildConfiguration section */
		CD3AA7F1259830750087ACF1 /* Debug */ = {
			isa = XCBuildConfiguration;
			buildSettings = {
				ALWAYS_SEARCH_USER_PATHS = NO;
				CLANG_ANALYZER_NONNULL = YES;
				CLANG_ANALYZER_NUMBER_OBJECT_CONVERSION = YES_AGGRESSIVE;
				CLANG_CXX_LANGUAGE_STANDARD = "gnu++14";
				CLANG_CXX_LIBRARY = "libc++";
				CLANG_ENABLE_MODULES = YES;
				CLANG_ENABLE_OBJC_ARC = YES;
				CLANG_ENABLE_OBJC_WEAK = YES;
				CLANG_WARN_BLOCK_CAPTURE_AUTORELEASING = YES;
				CLANG_WARN_BOOL_CONVERSION = YES;
				CLANG_WARN_COMMA = YES;
				CLANG_WARN_CONSTANT_CONVERSION = YES;
				CLANG_WARN_DEPRECATED_OBJC_IMPLEMENTATIONS = YES;
				CLANG_WARN_DIRECT_OBJC_ISA_USAGE = YES_ERROR;
				CLANG_WARN_DOCUMENTATION_COMMENTS = YES;
				CLANG_WARN_EMPTY_BODY = YES;
				CLANG_WARN_ENUM_CONVERSION = YES;
				CLANG_WARN_INFINITE_RECURSION = YES;
				CLANG_WARN_INT_CONVERSION = YES;
				CLANG_WARN_NON_LITERAL_NULL_CONVERSION = YES;
				CLANG_WARN_OBJC_IMPLICIT_RETAIN_SELF = YES;
				CLANG_WARN_OBJC_LITERAL_CONVERSION = YES;
				CLANG_WARN_OBJC_ROOT_CLASS = YES_ERROR;
				CLANG_WARN_QUOTED_INCLUDE_IN_FRAMEWORK_HEADER = YES;
				CLANG_WARN_RANGE_LOOP_ANALYSIS = YES;
				CLANG_WARN_STRICT_PROTOTYPES = YES;
				CLANG_WARN_SUSPICIOUS_MOVE = YES;
				CLANG_WARN_UNGUARDED_AVAILABILITY = YES_AGGRESSIVE;
				CLANG_WARN_UNREACHABLE_CODE = YES;
				CLANG_WARN__DUPLICATE_METHOD_MATCH = YES;
				COPY_PHASE_STRIP = NO;
				DEBUG_INFORMATION_FORMAT = dwarf;
				ENABLE_STRICT_OBJC_MSGSEND = YES;
				ENABLE_TESTABILITY = YES;
				GCC_C_LANGUAGE_STANDARD = gnu11;
				GCC_DYNAMIC_NO_PIC = NO;
				GCC_NO_COMMON_BLOCKS = YES;
				GCC_OPTIMIZATION_LEVEL = 0;
				GCC_PREPROCESSOR_DEFINITIONS = (
					"DEBUG=1",
					"$(inherited)",
				);
				GCC_WARN_64_TO_32_BIT_CONVERSION = YES;
				GCC_WARN_ABOUT_RETURN_TYPE = YES_ERROR;
				GCC_WARN_UNDECLARED_SELECTOR = YES;
				GCC_WARN_UNINITIALIZED_AUTOS = YES_AGGRESSIVE;
				GCC_WARN_UNUSED_FUNCTION = YES;
				GCC_WARN_UNUSED_VARIABLE = YES;
				IPHONEOS_DEPLOYMENT_TARGET = 14.3;
				MTL_ENABLE_DEBUG_INFO = INCLUDE_SOURCE;
				MTL_FAST_MATH = YES;
				ONLY_ACTIVE_ARCH = YES;
				SDKROOT = iphoneos;
				SWIFT_ACTIVE_COMPILATION_CONDITIONS = DEBUG;
				SWIFT_OPTIMIZATION_LEVEL = "-Onone";
			};
			name = Debug;
		};
		CD3AA7F2259830750087ACF1 /* Release */ = {
			isa = XCBuildConfiguration;
			buildSettings = {
				ALWAYS_SEARCH_USER_PATHS = NO;
				CLANG_ANALYZER_NONNULL = YES;
				CLANG_ANALYZER_NUMBER_OBJECT_CONVERSION = YES_AGGRESSIVE;
				CLANG_CXX_LANGUAGE_STANDARD = "gnu++14";
				CLANG_CXX_LIBRARY = "libc++";
				CLANG_ENABLE_MODULES = YES;
				CLANG_ENABLE_OBJC_ARC = YES;
				CLANG_ENABLE_OBJC_WEAK = YES;
				CLANG_WARN_BLOCK_CAPTURE_AUTORELEASING = YES;
				CLANG_WARN_BOOL_CONVERSION = YES;
				CLANG_WARN_COMMA = YES;
				CLANG_WARN_CONSTANT_CONVERSION = YES;
				CLANG_WARN_DEPRECATED_OBJC_IMPLEMENTATIONS = YES;
				CLANG_WARN_DIRECT_OBJC_ISA_USAGE = YES_ERROR;
				CLANG_WARN_DOCUMENTATION_COMMENTS = YES;
				CLANG_WARN_EMPTY_BODY = YES;
				CLANG_WARN_ENUM_CONVERSION = YES;
				CLANG_WARN_INFINITE_RECURSION = YES;
				CLANG_WARN_INT_CONVERSION = YES;
				CLANG_WARN_NON_LITERAL_NULL_CONVERSION = YES;
				CLANG_WARN_OBJC_IMPLICIT_RETAIN_SELF = YES;
				CLANG_WARN_OBJC_LITERAL_CONVERSION = YES;
				CLANG_WARN_OBJC_ROOT_CLASS = YES_ERROR;
				CLANG_WARN_QUOTED_INCLUDE_IN_FRAMEWORK_HEADER = YES;
				CLANG_WARN_RANGE_LOOP_ANALYSIS = YES;
				CLANG_WARN_STRICT_PROTOTYPES = YES;
				CLANG_WARN_SUSPICIOUS_MOVE = YES;
				CLANG_WARN_UNGUARDED_AVAILABILITY = YES_AGGRESSIVE;
				CLANG_WARN_UNREACHABLE_CODE = YES;
				CLANG_WARN__DUPLICATE_METHOD_MATCH = YES;
				COPY_PHASE_STRIP = NO;
				DEBUG_INFORMATION_FORMAT = "dwarf-with-dsym";
				ENABLE_NS_ASSERTIONS = NO;
				ENABLE_STRICT_OBJC_MSGSEND = YES;
				GCC_C_LANGUAGE_STANDARD = gnu11;
				GCC_NO_COMMON_BLOCKS = YES;
				GCC_WARN_64_TO_32_BIT_CONVERSION = YES;
				GCC_WARN_ABOUT_RETURN_TYPE = YES_ERROR;
				GCC_WARN_UNDECLARED_SELECTOR = YES;
				GCC_WARN_UNINITIALIZED_AUTOS = YES_AGGRESSIVE;
				GCC_WARN_UNUSED_FUNCTION = YES;
				GCC_WARN_UNUSED_VARIABLE = YES;
				IPHONEOS_DEPLOYMENT_TARGET = 14.3;
				MTL_ENABLE_DEBUG_INFO = NO;
				MTL_FAST_MATH = YES;
				SDKROOT = iphoneos;
				SWIFT_COMPILATION_MODE = wholemodule;
				SWIFT_OPTIMIZATION_LEVEL = "-O";
				VALIDATE_PRODUCT = YES;
			};
			name = Release;
		};
		CD3AA7F4259830750087ACF1 /* Debug */ = {
			isa = XCBuildConfiguration;
			baseConfigurationReference = F49FF772408954752E42D7B2 /* Pods-Calendex.debug.xcconfig */;
			buildSettings = {
				ASSETCATALOG_COMPILER_APPICON_NAME = AppIcon;
				ASSETCATALOG_COMPILER_GLOBAL_ACCENT_COLOR_NAME = AccentColor;
				CODE_SIGN_STYLE = Automatic;
				DEVELOPMENT_ASSET_PATHS = "\"Calendex/Preview Content\"";
				DEVELOPMENT_TEAM = SA278G3HGP;
				ENABLE_PREVIEWS = YES;
				INFOPLIST_FILE = Calendex/Info.plist;
				IPHONEOS_DEPLOYMENT_TARGET = 14.0;
				LD_RUNPATH_SEARCH_PATHS = (
					"$(inherited)",
					"@executable_path/Frameworks",
				);
				PRODUCT_BUNDLE_IDENTIFIER = EvanBacon.Calendex;
				PRODUCT_NAME = "$(TARGET_NAME)";
				SWIFT_VERSION = 5.0;
				TARGETED_DEVICE_FAMILY = "1,2";
			};
			name = Debug;
		};
		CD3AA7F5259830750087ACF1 /* Release */ = {
			isa = XCBuildConfiguration;
			baseConfigurationReference = 5B6D58A3665D8A1ED6CE28A5 /* Pods-Calendex.release.xcconfig */;
			buildSettings = {
				ASSETCATALOG_COMPILER_APPICON_NAME = AppIcon;
				ASSETCATALOG_COMPILER_GLOBAL_ACCENT_COLOR_NAME = AccentColor;
				CODE_SIGN_STYLE = Automatic;
				DEVELOPMENT_ASSET_PATHS = "\"Calendex/Preview Content\"";
				DEVELOPMENT_TEAM = SA278G3HGP;
				ENABLE_PREVIEWS = YES;
				INFOPLIST_FILE = Calendex/Info.plist;
				IPHONEOS_DEPLOYMENT_TARGET = 14.0;
				LD_RUNPATH_SEARCH_PATHS = (
					"$(inherited)",
					"@executable_path/Frameworks",
				);
				PRODUCT_BUNDLE_IDENTIFIER = EvanBacon.Calendex;
				PRODUCT_NAME = "$(TARGET_NAME)";
				SWIFT_VERSION = 5.0;
				TARGETED_DEVICE_FAMILY = "1,2";
			};
			name = Release;
		};
		CD3AA7F7259830750087ACF1 /* Debug */ = {
			isa = XCBuildConfiguration;
			buildSettings = {
				ALWAYS_EMBED_SWIFT_STANDARD_LIBRARIES = YES;
				BUNDLE_LOADER = "$(TEST_HOST)";
				CODE_SIGN_STYLE = Automatic;
				INFOPLIST_FILE = CalendexTests/Info.plist;
				IPHONEOS_DEPLOYMENT_TARGET = 14.0;
				LD_RUNPATH_SEARCH_PATHS = (
					"$(inherited)",
					"@executable_path/Frameworks",
					"@loader_path/Frameworks",
				);
				PRODUCT_BUNDLE_IDENTIFIER = EvanBacon.CalendexTests;
				PRODUCT_NAME = "$(TARGET_NAME)";
				SWIFT_VERSION = 5.0;
				TARGETED_DEVICE_FAMILY = "1,2";
				TEST_HOST = "$(BUILT_PRODUCTS_DIR)/Calendex.app/Calendex";
			};
			name = Debug;
		};
		CD3AA7F8259830750087ACF1 /* Release */ = {
			isa = XCBuildConfiguration;
			buildSettings = {
				ALWAYS_EMBED_SWIFT_STANDARD_LIBRARIES = YES;
				BUNDLE_LOADER = "$(TEST_HOST)";
				CODE_SIGN_STYLE = Automatic;
				INFOPLIST_FILE = CalendexTests/Info.plist;
				IPHONEOS_DEPLOYMENT_TARGET = 14.0;
				LD_RUNPATH_SEARCH_PATHS = (
					"$(inherited)",
					"@executable_path/Frameworks",
					"@loader_path/Frameworks",
				);
				PRODUCT_BUNDLE_IDENTIFIER = EvanBacon.CalendexTests;
				PRODUCT_NAME = "$(TARGET_NAME)";
				SWIFT_VERSION = 5.0;
				TARGETED_DEVICE_FAMILY = "1,2";
				TEST_HOST = "$(BUILT_PRODUCTS_DIR)/Calendex.app/Calendex";
			};
			name = Release;
		};
		CD3AA7FA259830750087ACF1 /* Debug */ = {
			isa = XCBuildConfiguration;
			buildSettings = {
				ALWAYS_EMBED_SWIFT_STANDARD_LIBRARIES = YES;
				CODE_SIGN_STYLE = Automatic;
				INFOPLIST_FILE = CalendexUITests/Info.plist;
				LD_RUNPATH_SEARCH_PATHS = (
					"$(inherited)",
					"@executable_path/Frameworks",
					"@loader_path/Frameworks",
				);
				PRODUCT_BUNDLE_IDENTIFIER = EvanBacon.CalendexUITests;
				PRODUCT_NAME = "$(TARGET_NAME)";
				SWIFT_VERSION = 5.0;
				TARGETED_DEVICE_FAMILY = "1,2";
				TEST_TARGET_NAME = Calendex;
			};
			name = Debug;
		};
		CD3AA7FB259830750087ACF1 /* Release */ = {
			isa = XCBuildConfiguration;
			buildSettings = {
				ALWAYS_EMBED_SWIFT_STANDARD_LIBRARIES = YES;
				CODE_SIGN_STYLE = Automatic;
				INFOPLIST_FILE = CalendexUITests/Info.plist;
				LD_RUNPATH_SEARCH_PATHS = (
					"$(inherited)",
					"@executable_path/Frameworks",
					"@loader_path/Frameworks",
				);
				PRODUCT_BUNDLE_IDENTIFIER = EvanBacon.CalendexUITests;
				PRODUCT_NAME = "$(TARGET_NAME)";
				SWIFT_VERSION = 5.0;
				TARGETED_DEVICE_FAMILY = "1,2";
				TEST_TARGET_NAME = Calendex;
			};
			name = Release;
		};
/* End XCBuildConfiguration section */

/* Begin XCConfigurationList section */
		CD3AA7C9259830730087ACF1 /* Build configuration list for PBXProject "Calendex" */ = {
			isa = XCConfigurationList;
			buildConfigurations = (
				CD3AA7F1259830750087ACF1 /* Debug */,
				CD3AA7F2259830750087ACF1 /* Release */,
			);
			defaultConfigurationIsVisible = 0;
			defaultConfigurationName = Release;
		};
		CD3AA7F3259830750087ACF1 /* Build configuration list for PBXNativeTarget "Calendex" */ = {
			isa = XCConfigurationList;
			buildConfigurations = (
				CD3AA7F4259830750087ACF1 /* Debug */,
				CD3AA7F5259830750087ACF1 /* Release */,
			);
			defaultConfigurationIsVisible = 0;
			defaultConfigurationName = Release;
		};
		CD3AA7F6259830750087ACF1 /* Build configuration list for PBXNativeTarget "CalendexTests" */ = {
			isa = XCConfigurationList;
			buildConfigurations = (
				CD3AA7F7259830750087ACF1 /* Debug */,
				CD3AA7F8259830750087ACF1 /* Release */,
			);
			defaultConfigurationIsVisible = 0;
			defaultConfigurationName = Release;
		};
		CD3AA7F9259830750087ACF1 /* Build configuration list for PBXNativeTarget "CalendexUITests" */ = {
			isa = XCConfigurationList;
			buildConfigurations = (
				CD3AA7FA259830750087ACF1 /* Debug */,
				CD3AA7FB259830750087ACF1 /* Release */,
			);
			defaultConfigurationIsVisible = 0;
			defaultConfigurationName = Release;
		};
/* End XCConfigurationList section */

/* Begin XCVersionGroup section */
		CD6CCBE225EB40B500B256AA /* BloodSugar.xcdatamodeld */ = {
			isa = XCVersionGroup;
			children = (
				CD6CCBE325EB40B600B256AA /* BloodSugar.xcdatamodel */,
			);
			currentVersion = CD6CCBE325EB40B600B256AA /* BloodSugar.xcdatamodel */;
			path = BloodSugar.xcdatamodeld;
			sourceTree = "<group>";
			versionGroupType = wrapper.xcdatamodel;
		};
/* End XCVersionGroup section */
	};
	rootObject = CD3AA7C6259830730087ACF1 /* Project object */;
}
